// !$*UTF8*$!
{
	archiveVersion = 1;
	classes = {
	};
	objectVersion = 54;
	objects = {

/* Begin PBXBuildFile section */
		9910B2C7296471F000459493 /* Configs.swift in Sources */ = {isa = PBXBuildFile; fileRef = 9910B2C6296471F000459493 /* Configs.swift */; };
		99848160248E639C00BC0A8A /* libM3Subscriptions.a in Frameworks */ = {isa = PBXBuildFile; fileRef = 99848149248E635600BC0A8A /* libM3Subscriptions.a */; };
		9984816F248E648300BC0A8A /* ResultExtension.swift in Sources */ = {isa = PBXBuildFile; fileRef = 99848166248E648300BC0A8A /* ResultExtension.swift */; };
		99848170248E648300BC0A8A /* NetworkAdapter.swift in Sources */ = {isa = PBXBuildFile; fileRef = 99848167248E648300BC0A8A /* NetworkAdapter.swift */; };
		99848171248E648300BC0A8A /* SubscriptionController.swift in Sources */ = {isa = PBXBuildFile; fileRef = 99848168248E648300BC0A8A /* SubscriptionController.swift */; };
		99848172248E648300BC0A8A /* SubscriptionInterface.swift in Sources */ = {isa = PBXBuildFile; fileRef = 9984816A248E648300BC0A8A /* SubscriptionInterface.swift */; };
		99848173248E648300BC0A8A /* DeactivateAPI.swift in Sources */ = {isa = PBXBuildFile; fileRef = 9984816B248E648300BC0A8A /* DeactivateAPI.swift */; };
		99848174248E648300BC0A8A /* CheckAPI.swift in Sources */ = {isa = PBXBuildFile; fileRef = 9984816C248E648300BC0A8A /* CheckAPI.swift */; };
		99848175248E648300BC0A8A /* ActivateAPI.swift in Sources */ = {isa = PBXBuildFile; fileRef = 9984816D248E648300BC0A8A /* ActivateAPI.swift */; };
		99848178248E651A00BC0A8A /* ActivationRequest.swift in Sources */ = {isa = PBXBuildFile; fileRef = 99848177248E651A00BC0A8A /* ActivationRequest.swift */; };
		9984817D248E68A600BC0A8A /* DeactivateAPITests.swift in Sources */ = {isa = PBXBuildFile; fileRef = 9984817C248E68A600BC0A8A /* DeactivateAPITests.swift */; };
		9984817F248E68B600BC0A8A /* ActivateAPITests.swift in Sources */ = {isa = PBXBuildFile; fileRef = 9984817E248E68B600BC0A8A /* ActivateAPITests.swift */; };
		99848181248E68C500BC0A8A /* CheckAPITests.swift in Sources */ = {isa = PBXBuildFile; fileRef = 99848180248E68C500BC0A8A /* CheckAPITests.swift */; };
		99848183248E68DF00BC0A8A /* MockNetworkAdapter.swift in Sources */ = {isa = PBXBuildFile; fileRef = 99848182248E68DF00BC0A8A /* MockNetworkAdapter.swift */; };
		99848186248E68FA00BC0A8A /* Device.swift in Sources */ = {isa = PBXBuildFile; fileRef = 99848185248E68FA00BC0A8A /* Device.swift */; };
		9984818C248E698500BC0A8A /* Subscription.swift in Sources */ = {isa = PBXBuildFile; fileRef = 9984818B248E698500BC0A8A /* Subscription.swift */; };
		9984818E248E698D00BC0A8A /* SubscriptionDevice.swift in Sources */ = {isa = PBXBuildFile; fileRef = 9984818D248E698D00BC0A8A /* SubscriptionDevice.swift */; };
		99848190248E699800BC0A8A /* ActivationResponse.swift in Sources */ = {isa = PBXBuildFile; fileRef = 9984818F248E699800BC0A8A /* ActivationResponse.swift */; };
		99848192248E69E000BC0A8A /* APIData.swift in Sources */ = {isa = PBXBuildFile; fileRef = 99848191248E69E000BC0A8A /* APIData.swift */; };
		99848197248E6FC500BC0A8A /* APIDataTests.swift in Sources */ = {isa = PBXBuildFile; fileRef = 99848196248E6FC500BC0A8A /* APIDataTests.swift */; };
		9984819D248E94E200BC0A8A /* Mac-DeviceTests.swift in Sources */ = {isa = PBXBuildFile; fileRef = 9984819C248E94E200BC0A8A /* Mac-DeviceTests.swift */; };
		998481A1248E99CE00BC0A8A /* SubscriptionTests.swift in Sources */ = {isa = PBXBuildFile; fileRef = 998481A0248E99CE00BC0A8A /* SubscriptionTests.swift */; };
		998481A3248FA3BD00BC0A8A /* SubscriptionDeviceTests.swift in Sources */ = {isa = PBXBuildFile; fileRef = 998481A2248FA3BD00BC0A8A /* SubscriptionDeviceTests.swift */; };
		998481A5248FB37F00BC0A8A /* ActivationResponseTests.swift in Sources */ = {isa = PBXBuildFile; fileRef = 998481A4248FB37F00BC0A8A /* ActivationResponseTests.swift */; };
		998481A7248FDE5E00BC0A8A /* XCTestExtensions.swift in Sources */ = {isa = PBXBuildFile; fileRef = 998481A6248FDE5E00BC0A8A /* XCTestExtensions.swift */; };
		998481AA24924A3600BC0A8A /* SubscriptionControllerTests.swift in Sources */ = {isa = PBXBuildFile; fileRef = 998481A924924A3600BC0A8A /* SubscriptionControllerTests.swift */; };
		998481AC2492789400BC0A8A /* SubscriptionErrors.swift in Sources */ = {isa = PBXBuildFile; fileRef = 998481AB2492789400BC0A8A /* SubscriptionErrors.swift */; };
		998481AE24927EA600BC0A8A /* MockSubscriptionAPI.swift in Sources */ = {isa = PBXBuildFile; fileRef = 998481AD24927EA600BC0A8A /* MockSubscriptionAPI.swift */; };
		998481CD2496640A00BC0A8A /* TestOverrides.swift in Sources */ = {isa = PBXBuildFile; fileRef = 998481CC2496640A00BC0A8A /* TestOverrides.swift */; };
		998481D52496768100BC0A8A /* M3SubscriptionsStageTests.swift in Sources */ = {isa = PBXBuildFile; fileRef = 998481D42496768100BC0A8A /* M3SubscriptionsStageTests.swift */; };
		998481D72496768100BC0A8A /* libM3Subscriptions.a in Frameworks */ = {isa = PBXBuildFile; fileRef = 99848149248E635600BC0A8A /* libM3Subscriptions.a */; };
		998481DF24967A1700BC0A8A /* XCTestExtensions.swift in Sources */ = {isa = PBXBuildFile; fileRef = 998481DE24967A1700BC0A8A /* XCTestExtensions.swift */; };
		9998B4DD251118F300E2D455 /* APIDebugManager.swift in Sources */ = {isa = PBXBuildFile; fileRef = 9998B4DC251118F300E2D455 /* APIDebugManager.swift */; };
		9999A24D24FD454B001F8161 /* APITestCase.swift in Sources */ = {isa = PBXBuildFile; fileRef = 9999A24C24FD454B001F8161 /* APITestCase.swift */; };
		9999A25424FD4EA4001F8161 /* test_private_key.pem in Resources */ = {isa = PBXBuildFile; fileRef = 9999A25224FD4EA4001F8161 /* test_private_key.pem */; };
		9999A25524FD4EA4001F8161 /* test_public_key.pem in Resources */ = {isa = PBXBuildFile; fileRef = 9999A25324FD4EA4001F8161 /* test_public_key.pem */; };
		9999A25724FD5A29001F8161 /* test_private_key.p12 in Resources */ = {isa = PBXBuildFile; fileRef = 9999A25624FD5783001F8161 /* test_private_key.p12 */; };
/* End PBXBuildFile section */

/* Begin PBXContainerItemProxy section */
		99848161248E639C00BC0A8A /* PBXContainerItemProxy */ = {
			isa = PBXContainerItemProxy;
			containerPortal = 99848141248E635600BC0A8A /* Project object */;
			proxyType = 1;
			remoteGlobalIDString = 99848148248E635600BC0A8A;
			remoteInfo = M3Subscriptions;
		};
		998481D82496768100BC0A8A /* PBXContainerItemProxy */ = {
			isa = PBXContainerItemProxy;
			containerPortal = 99848141248E635600BC0A8A /* Project object */;
			proxyType = 1;
			remoteGlobalIDString = 99848148248E635600BC0A8A;
			remoteInfo = M3Subscriptions;
		};
/* End PBXContainerItemProxy section */

/* Begin PBXFileReference section */
		9910B2C6296471F000459493 /* Configs.swift */ = {isa = PBXFileReference; lastKnownFileType = sourcecode.swift; path = Configs.swift; sourceTree = "<group>"; };
		99848149248E635600BC0A8A /* libM3Subscriptions.a */ = {isa = PBXFileReference; explicitFileType = archive.ar; includeInIndex = 0; path = libM3Subscriptions.a; sourceTree = BUILT_PRODUCTS_DIR; };
		9984815B248E639C00BC0A8A /* M3SubscriptionsTests.xctest */ = {isa = PBXFileReference; explicitFileType = wrapper.cfbundle; includeInIndex = 0; path = M3SubscriptionsTests.xctest; sourceTree = BUILT_PRODUCTS_DIR; };
		9984815F248E639C00BC0A8A /* Info.plist */ = {isa = PBXFileReference; lastKnownFileType = text.plist.xml; path = Info.plist; sourceTree = "<group>"; };
		99848166248E648300BC0A8A /* ResultExtension.swift */ = {isa = PBXFileReference; fileEncoding = 4; lastKnownFileType = sourcecode.swift; path = ResultExtension.swift; sourceTree = "<group>"; };
		99848167248E648300BC0A8A /* NetworkAdapter.swift */ = {isa = PBXFileReference; fileEncoding = 4; lastKnownFileType = sourcecode.swift; path = NetworkAdapter.swift; sourceTree = "<group>"; };
		99848168248E648300BC0A8A /* SubscriptionController.swift */ = {isa = PBXFileReference; fileEncoding = 4; lastKnownFileType = sourcecode.swift; path = SubscriptionController.swift; sourceTree = "<group>"; };
		9984816A248E648300BC0A8A /* SubscriptionInterface.swift */ = {isa = PBXFileReference; fileEncoding = 4; lastKnownFileType = sourcecode.swift; path = SubscriptionInterface.swift; sourceTree = "<group>"; };
		9984816B248E648300BC0A8A /* DeactivateAPI.swift */ = {isa = PBXFileReference; fileEncoding = 4; lastKnownFileType = sourcecode.swift; path = DeactivateAPI.swift; sourceTree = "<group>"; };
		9984816C248E648300BC0A8A /* CheckAPI.swift */ = {isa = PBXFileReference; fileEncoding = 4; lastKnownFileType = sourcecode.swift; path = CheckAPI.swift; sourceTree = "<group>"; };
		9984816D248E648300BC0A8A /* ActivateAPI.swift */ = {isa = PBXFileReference; fileEncoding = 4; lastKnownFileType = sourcecode.swift; path = ActivateAPI.swift; sourceTree = "<group>"; };
		99848177248E651A00BC0A8A /* ActivationRequest.swift */ = {isa = PBXFileReference; lastKnownFileType = sourcecode.swift; path = ActivationRequest.swift; sourceTree = "<group>"; };
		9984817C248E68A600BC0A8A /* DeactivateAPITests.swift */ = {isa = PBXFileReference; lastKnownFileType = sourcecode.swift; path = DeactivateAPITests.swift; sourceTree = "<group>"; };
		9984817E248E68B600BC0A8A /* ActivateAPITests.swift */ = {isa = PBXFileReference; lastKnownFileType = sourcecode.swift; path = ActivateAPITests.swift; sourceTree = "<group>"; };
		99848180248E68C500BC0A8A /* CheckAPITests.swift */ = {isa = PBXFileReference; lastKnownFileType = sourcecode.swift; path = CheckAPITests.swift; sourceTree = "<group>"; };
		99848182248E68DF00BC0A8A /* MockNetworkAdapter.swift */ = {isa = PBXFileReference; lastKnownFileType = sourcecode.swift; path = MockNetworkAdapter.swift; sourceTree = "<group>"; };
		99848185248E68FA00BC0A8A /* Device.swift */ = {isa = PBXFileReference; lastKnownFileType = sourcecode.swift; path = Device.swift; sourceTree = "<group>"; };
		9984818B248E698500BC0A8A /* Subscription.swift */ = {isa = PBXFileReference; lastKnownFileType = sourcecode.swift; path = Subscription.swift; sourceTree = "<group>"; };
		9984818D248E698D00BC0A8A /* SubscriptionDevice.swift */ = {isa = PBXFileReference; lastKnownFileType = sourcecode.swift; path = SubscriptionDevice.swift; sourceTree = "<group>"; };
		9984818F248E699800BC0A8A /* ActivationResponse.swift */ = {isa = PBXFileReference; lastKnownFileType = sourcecode.swift; path = ActivationResponse.swift; sourceTree = "<group>"; };
		99848191248E69E000BC0A8A /* APIData.swift */ = {isa = PBXFileReference; lastKnownFileType = sourcecode.swift; path = APIData.swift; sourceTree = "<group>"; };
		99848196248E6FC500BC0A8A /* APIDataTests.swift */ = {isa = PBXFileReference; lastKnownFileType = sourcecode.swift; path = APIDataTests.swift; sourceTree = "<group>"; };
		9984819C248E94E200BC0A8A /* Mac-DeviceTests.swift */ = {isa = PBXFileReference; lastKnownFileType = sourcecode.swift; path = "Mac-DeviceTests.swift"; sourceTree = "<group>"; };
		998481A0248E99CE00BC0A8A /* SubscriptionTests.swift */ = {isa = PBXFileReference; lastKnownFileType = sourcecode.swift; path = SubscriptionTests.swift; sourceTree = "<group>"; };
		998481A2248FA3BD00BC0A8A /* SubscriptionDeviceTests.swift */ = {isa = PBXFileReference; lastKnownFileType = sourcecode.swift; path = SubscriptionDeviceTests.swift; sourceTree = "<group>"; };
		998481A4248FB37F00BC0A8A /* ActivationResponseTests.swift */ = {isa = PBXFileReference; lastKnownFileType = sourcecode.swift; path = ActivationResponseTests.swift; sourceTree = "<group>"; };
		998481A6248FDE5E00BC0A8A /* XCTestExtensions.swift */ = {isa = PBXFileReference; fileEncoding = 4; lastKnownFileType = sourcecode.swift; name = XCTestExtensions.swift; path = ../../Coppice/CoppiceTests/XCTestExtensions.swift; sourceTree = "<group>"; };
		998481A924924A3600BC0A8A /* SubscriptionControllerTests.swift */ = {isa = PBXFileReference; lastKnownFileType = sourcecode.swift; path = SubscriptionControllerTests.swift; sourceTree = "<group>"; };
		998481AB2492789400BC0A8A /* SubscriptionErrors.swift */ = {isa = PBXFileReference; lastKnownFileType = sourcecode.swift; path = SubscriptionErrors.swift; sourceTree = "<group>"; };
		998481AD24927EA600BC0A8A /* MockSubscriptionAPI.swift */ = {isa = PBXFileReference; lastKnownFileType = sourcecode.swift; path = MockSubscriptionAPI.swift; sourceTree = "<group>"; };
		998481CC2496640A00BC0A8A /* TestOverrides.swift */ = {isa = PBXFileReference; lastKnownFileType = sourcecode.swift; path = TestOverrides.swift; sourceTree = "<group>"; };
		998481D22496768100BC0A8A /* M3SubscriptionsStageTests.xctest */ = {isa = PBXFileReference; explicitFileType = wrapper.cfbundle; includeInIndex = 0; path = M3SubscriptionsStageTests.xctest; sourceTree = BUILT_PRODUCTS_DIR; };
		998481D42496768100BC0A8A /* M3SubscriptionsStageTests.swift */ = {isa = PBXFileReference; lastKnownFileType = sourcecode.swift; path = M3SubscriptionsStageTests.swift; sourceTree = "<group>"; };
		998481D62496768100BC0A8A /* Info.plist */ = {isa = PBXFileReference; lastKnownFileType = text.plist.xml; path = Info.plist; sourceTree = "<group>"; };
		998481DE24967A1700BC0A8A /* XCTestExtensions.swift */ = {isa = PBXFileReference; lastKnownFileType = sourcecode.swift; path = XCTestExtensions.swift; sourceTree = "<group>"; };
		9998B4DC251118F300E2D455 /* APIDebugManager.swift */ = {isa = PBXFileReference; lastKnownFileType = sourcecode.swift; path = APIDebugManager.swift; sourceTree = "<group>"; };
		9999A24C24FD454B001F8161 /* APITestCase.swift */ = {isa = PBXFileReference; lastKnownFileType = sourcecode.swift; path = APITestCase.swift; sourceTree = "<group>"; };
		9999A25224FD4EA4001F8161 /* test_private_key.pem */ = {isa = PBXFileReference; fileEncoding = 4; lastKnownFileType = text; path = test_private_key.pem; sourceTree = "<group>"; };
		9999A25324FD4EA4001F8161 /* test_public_key.pem */ = {isa = PBXFileReference; fileEncoding = 4; lastKnownFileType = text; path = test_public_key.pem; sourceTree = "<group>"; };
		9999A25624FD5783001F8161 /* test_private_key.p12 */ = {isa = PBXFileReference; lastKnownFileType = file; path = test_private_key.p12; sourceTree = "<group>"; };
/* End PBXFileReference section */

/* Begin PBXFrameworksBuildPhase section */
		99848147248E635600BC0A8A /* Frameworks */ = {
			isa = PBXFrameworksBuildPhase;
			buildActionMask = 2147483647;
			files = (
			);
			runOnlyForDeploymentPostprocessing = 0;
		};
		99848158248E639C00BC0A8A /* Frameworks */ = {
			isa = PBXFrameworksBuildPhase;
			buildActionMask = 2147483647;
			files = (
				99848160248E639C00BC0A8A /* libM3Subscriptions.a in Frameworks */,
			);
			runOnlyForDeploymentPostprocessing = 0;
		};
		998481CF2496768100BC0A8A /* Frameworks */ = {
			isa = PBXFrameworksBuildPhase;
			buildActionMask = 2147483647;
			files = (
				998481D72496768100BC0A8A /* libM3Subscriptions.a in Frameworks */,
			);
			runOnlyForDeploymentPostprocessing = 0;
		};
/* End PBXFrameworksBuildPhase section */

/* Begin PBXGroup section */
		992DDC942A6936C9002FCEC2 /* Debugging */ = {
			isa = PBXGroup;
			children = (
				998481CC2496640A00BC0A8A /* TestOverrides.swift */,
				9998B4DC251118F300E2D455 /* APIDebugManager.swift */,
			);
			path = Debugging;
			sourceTree = "<group>";
		};
		992DDC952A6936D9002FCEC2 /* Extensions & Adapters */ = {
			isa = PBXGroup;
			children = (
				99848167248E648300BC0A8A /* NetworkAdapter.swift */,
				99848166248E648300BC0A8A /* ResultExtension.swift */,
			);
			path = "Extensions & Adapters";
			sourceTree = "<group>";
		};
		99848140248E635600BC0A8A = {
			isa = PBXGroup;
			children = (
				9984814B248E635600BC0A8A /* M3Subscriptions */,
				9984815C248E639C00BC0A8A /* M3SubscriptionsTests */,
				998481D32496768100BC0A8A /* M3SubscriptionsStageTests */,
				9984814A248E635600BC0A8A /* Products */,
			);
			sourceTree = "<group>";
			usesTabs = 0;
		};
		9984814A248E635600BC0A8A /* Products */ = {
			isa = PBXGroup;
			children = (
				99848149248E635600BC0A8A /* libM3Subscriptions.a */,
				9984815B248E639C00BC0A8A /* M3SubscriptionsTests.xctest */,
				998481D22496768100BC0A8A /* M3SubscriptionsStageTests.xctest */,
			);
			name = Products;
			sourceTree = "<group>";
		};
		9984814B248E635600BC0A8A /* M3Subscriptions */ = {
			isa = PBXGroup;
			children = (
				99848168248E648300BC0A8A /* SubscriptionController.swift */,
				9910B2C6296471F000459493 /* Configs.swift */,
				992DDC952A6936D9002FCEC2 /* Extensions & Adapters */,
				992DDC942A6936C9002FCEC2 /* Debugging */,
				99848184248E68EC00BC0A8A /* Types */,
				99848169248E648300BC0A8A /* API */,
			);
			path = M3Subscriptions;
			sourceTree = "<group>";
		};
		9984815C248E639C00BC0A8A /* M3SubscriptionsTests */ = {
			isa = PBXGroup;
			children = (
				998481A6248FDE5E00BC0A8A /* XCTestExtensions.swift */,
				9984817A248E687800BC0A8A /* Unit Tests */,
				99848179248E685900BC0A8A /* Mocks & Helpers */,
				9999A24724FD39AB001F8161 /* Resources */,
				9984815F248E639C00BC0A8A /* Info.plist */,
			);
			path = M3SubscriptionsTests;
			sourceTree = "<group>";
		};
		99848169248E648300BC0A8A /* API */ = {
			isa = PBXGroup;
			children = (
				9984816A248E648300BC0A8A /* SubscriptionInterface.swift */,
				9984816B248E648300BC0A8A /* DeactivateAPI.swift */,
				9984816C248E648300BC0A8A /* CheckAPI.swift */,
				9984816D248E648300BC0A8A /* ActivateAPI.swift */,
			);
			path = API;
			sourceTree = "<group>";
		};
		99848179248E685900BC0A8A /* Mocks & Helpers */ = {
			isa = PBXGroup;
			children = (
				99848182248E68DF00BC0A8A /* MockNetworkAdapter.swift */,
				998481AD24927EA600BC0A8A /* MockSubscriptionAPI.swift */,
				9999A24C24FD454B001F8161 /* APITestCase.swift */,
			);
			path = "Mocks & Helpers";
			sourceTree = "<group>";
		};
		9984817A248E687800BC0A8A /* Unit Tests */ = {
			isa = PBXGroup;
			children = (
				99848193248E6A2700BC0A8A /* Types */,
				9984817B248E688400BC0A8A /* API */,
				998481A924924A3600BC0A8A /* SubscriptionControllerTests.swift */,
			);
			path = "Unit Tests";
			sourceTree = "<group>";
		};
		9984817B248E688400BC0A8A /* API */ = {
			isa = PBXGroup;
			children = (
				9984817C248E68A600BC0A8A /* DeactivateAPITests.swift */,
				99848180248E68C500BC0A8A /* CheckAPITests.swift */,
				9984817E248E68B600BC0A8A /* ActivateAPITests.swift */,
			);
			path = API;
			sourceTree = "<group>";
		};
		99848184248E68EC00BC0A8A /* Types */ = {
			isa = PBXGroup;
			children = (
				998481AB2492789400BC0A8A /* SubscriptionErrors.swift */,
				99848188248E696700BC0A8A /* Public Types */,
				99848187248E691300BC0A8A /* Internal Types */,
			);
			path = Types;
			sourceTree = "<group>";
		};
		99848187248E691300BC0A8A /* Internal Types */ = {
			isa = PBXGroup;
			children = (
				99848185248E68FA00BC0A8A /* Device.swift */,
				99848177248E651A00BC0A8A /* ActivationRequest.swift */,
				99848191248E69E000BC0A8A /* APIData.swift */,
			);
			path = "Internal Types";
			sourceTree = "<group>";
		};
		99848188248E696700BC0A8A /* Public Types */ = {
			isa = PBXGroup;
			children = (
				9984818B248E698500BC0A8A /* Subscription.swift */,
				9984818D248E698D00BC0A8A /* SubscriptionDevice.swift */,
				9984818F248E699800BC0A8A /* ActivationResponse.swift */,
			);
			path = "Public Types";
			sourceTree = "<group>";
		};
		99848193248E6A2700BC0A8A /* Types */ = {
			isa = PBXGroup;
			children = (
				99848194248E6A2D00BC0A8A /* Public Types */,
				99848195248E6A3700BC0A8A /* Internal Types */,
			);
			path = Types;
			sourceTree = "<group>";
		};
		99848194248E6A2D00BC0A8A /* Public Types */ = {
			isa = PBXGroup;
			children = (
				998481A0248E99CE00BC0A8A /* SubscriptionTests.swift */,
				998481A2248FA3BD00BC0A8A /* SubscriptionDeviceTests.swift */,
				998481A4248FB37F00BC0A8A /* ActivationResponseTests.swift */,
			);
			path = "Public Types";
			sourceTree = "<group>";
		};
		99848195248E6A3700BC0A8A /* Internal Types */ = {
			isa = PBXGroup;
			children = (
				99848196248E6FC500BC0A8A /* APIDataTests.swift */,
				9984819C248E94E200BC0A8A /* Mac-DeviceTests.swift */,
			);
			path = "Internal Types";
			sourceTree = "<group>";
		};
		998481D32496768100BC0A8A /* M3SubscriptionsStageTests */ = {
			isa = PBXGroup;
			children = (
				998481DE24967A1700BC0A8A /* XCTestExtensions.swift */,
				998481D42496768100BC0A8A /* M3SubscriptionsStageTests.swift */,
				998481D62496768100BC0A8A /* Info.plist */,
			);
			path = M3SubscriptionsStageTests;
			sourceTree = "<group>";
		};
		9999A24724FD39AB001F8161 /* Resources */ = {
			isa = PBXGroup;
			children = (
				9999A25224FD4EA4001F8161 /* test_private_key.pem */,
				9999A25624FD5783001F8161 /* test_private_key.p12 */,
				9999A25324FD4EA4001F8161 /* test_public_key.pem */,
			);
			name = Resources;
			path = M3SubscriptionsTests/Resources;
			sourceTree = SOURCE_ROOT;
		};
/* End PBXGroup section */

/* Begin PBXHeadersBuildPhase section */
		99848145248E635600BC0A8A /* Headers */ = {
			isa = PBXHeadersBuildPhase;
			buildActionMask = 2147483647;
			files = (
			);
			runOnlyForDeploymentPostprocessing = 0;
		};
/* End PBXHeadersBuildPhase section */

/* Begin PBXNativeTarget section */
		99848148248E635600BC0A8A /* M3Subscriptions */ = {
			isa = PBXNativeTarget;
			buildConfigurationList = 99848152248E635600BC0A8A /* Build configuration list for PBXNativeTarget "M3Subscriptions" */;
			buildPhases = (
				99E533112607B41C0017DC5D /* ShellScript */,
				99848145248E635600BC0A8A /* Headers */,
				99848146248E635600BC0A8A /* Sources */,
				99848147248E635600BC0A8A /* Frameworks */,
			);
			buildRules = (
			);
			dependencies = (
			);
			name = M3Subscriptions;
			packageProductDependencies = (
			);
			productName = M3Subscriptions;
			productReference = 99848149248E635600BC0A8A /* libM3Subscriptions.a */;
			productType = "com.apple.product-type.library.static";
		};
		9984815A248E639C00BC0A8A /* M3SubscriptionsTests */ = {
			isa = PBXNativeTarget;
			buildConfigurationList = 99848163248E639C00BC0A8A /* Build configuration list for PBXNativeTarget "M3SubscriptionsTests" */;
			buildPhases = (
				99848157248E639C00BC0A8A /* Sources */,
				99848158248E639C00BC0A8A /* Frameworks */,
				99848159248E639C00BC0A8A /* Resources */,
			);
			buildRules = (
			);
			dependencies = (
				99848162248E639C00BC0A8A /* PBXTargetDependency */,
			);
			name = M3SubscriptionsTests;
			packageProductDependencies = (
			);
			productName = M3SubscriptionsTests;
			productReference = 9984815B248E639C00BC0A8A /* M3SubscriptionsTests.xctest */;
			productType = "com.apple.product-type.bundle.unit-test";
		};
		998481D12496768100BC0A8A /* M3SubscriptionsStageTests */ = {
			isa = PBXNativeTarget;
			buildConfigurationList = 998481DA2496768100BC0A8A /* Build configuration list for PBXNativeTarget "M3SubscriptionsStageTests" */;
			buildPhases = (
				998481CE2496768100BC0A8A /* Sources */,
				998481CF2496768100BC0A8A /* Frameworks */,
				998481D02496768100BC0A8A /* Resources */,
			);
			buildRules = (
			);
			dependencies = (
				998481D92496768100BC0A8A /* PBXTargetDependency */,
			);
			name = M3SubscriptionsStageTests;
			productName = M3SubscriptionsStageTests;
			productReference = 998481D22496768100BC0A8A /* M3SubscriptionsStageTests.xctest */;
			productType = "com.apple.product-type.bundle.unit-test";
		};
/* End PBXNativeTarget section */

/* Begin PBXProject section */
		99848141248E635600BC0A8A /* Project object */ = {
			isa = PBXProject;
			attributes = {
				LastSwiftUpdateCheck = 1150;
				LastUpgradeCheck = 1400;
				ORGANIZATIONNAME = "M Cubed Software";
				TargetAttributes = {
					99848148248E635600BC0A8A = {
						CreatedOnToolsVersion = 11.5;
						LastSwiftMigration = 1150;
					};
					9984815A248E639C00BC0A8A = {
						CreatedOnToolsVersion = 11.5;
						LastSwiftMigration = 1150;
					};
					998481D12496768100BC0A8A = {
						CreatedOnToolsVersion = 11.5;
					};
				};
			};
			buildConfigurationList = 99848144248E635600BC0A8A /* Build configuration list for PBXProject "M3Subscriptions" */;
			compatibilityVersion = "Xcode 9.3";
			developmentRegion = en;
			hasScannedForEncodings = 0;
			knownRegions = (
				en,
				Base,
			);
			mainGroup = 99848140248E635600BC0A8A;
			packageReferences = (
			);
			productRefGroup = 9984814A248E635600BC0A8A /* Products */;
			projectDirPath = "";
			projectRoot = "";
			targets = (
				99848148248E635600BC0A8A /* M3Subscriptions */,
				9984815A248E639C00BC0A8A /* M3SubscriptionsTests */,
				998481D12496768100BC0A8A /* M3SubscriptionsStageTests */,
			);
		};
/* End PBXProject section */

/* Begin PBXResourcesBuildPhase section */
		99848159248E639C00BC0A8A /* Resources */ = {
			isa = PBXResourcesBuildPhase;
			buildActionMask = 2147483647;
			files = (
				9999A25424FD4EA4001F8161 /* test_private_key.pem in Resources */,
				9999A25724FD5A29001F8161 /* test_private_key.p12 in Resources */,
				9999A25524FD4EA4001F8161 /* test_public_key.pem in Resources */,
			);
			runOnlyForDeploymentPostprocessing = 0;
		};
		998481D02496768100BC0A8A /* Resources */ = {
			isa = PBXResourcesBuildPhase;
			buildActionMask = 2147483647;
			files = (
			);
			runOnlyForDeploymentPostprocessing = 0;
		};
/* End PBXResourcesBuildPhase section */

/* Begin PBXShellScriptBuildPhase section */
		99E533112607B41C0017DC5D /* ShellScript */ = {
			isa = PBXShellScriptBuildPhase;
			alwaysOutOfDate = 1;
			buildActionMask = 2147483647;
			files = (
			);
			inputFileListPaths = (
			);
			inputPaths = (
			);
			outputFileListPaths = (
			);
			outputPaths = (
			);
			runOnlyForDeploymentPostprocessing = 0;
			shellPath = /bin/sh;
			shellScript = "PATH=${PATH}:/opt/homebrew/bin/\nif which swiftformat >/dev/null; then\n  swiftformat --lint --lenient .\nelse\n  echo \"warning: SwiftFormat not installed, download from https://github.com/nicklockwood/SwiftFormat\"\nfi\n";
		};
/* End PBXShellScriptBuildPhase section */

/* Begin PBXSourcesBuildPhase section */
		99848146248E635600BC0A8A /* Sources */ = {
			isa = PBXSourcesBuildPhase;
			buildActionMask = 2147483647;
			files = (
				99848171248E648300BC0A8A /* SubscriptionController.swift in Sources */,
				998481CD2496640A00BC0A8A /* TestOverrides.swift in Sources */,
				99848172248E648300BC0A8A /* SubscriptionInterface.swift in Sources */,
				9984818E248E698D00BC0A8A /* SubscriptionDevice.swift in Sources */,
				99848174248E648300BC0A8A /* CheckAPI.swift in Sources */,
				99848190248E699800BC0A8A /* ActivationResponse.swift in Sources */,
				9984818C248E698500BC0A8A /* Subscription.swift in Sources */,
				99848173248E648300BC0A8A /* DeactivateAPI.swift in Sources */,
				99848192248E69E000BC0A8A /* APIData.swift in Sources */,
				998481AC2492789400BC0A8A /* SubscriptionErrors.swift in Sources */,
				99848170248E648300BC0A8A /* NetworkAdapter.swift in Sources */,
				9984816F248E648300BC0A8A /* ResultExtension.swift in Sources */,
				9910B2C7296471F000459493 /* Configs.swift in Sources */,
				9998B4DD251118F300E2D455 /* APIDebugManager.swift in Sources */,
				99848175248E648300BC0A8A /* ActivateAPI.swift in Sources */,
				99848178248E651A00BC0A8A /* ActivationRequest.swift in Sources */,
				99848186248E68FA00BC0A8A /* Device.swift in Sources */,
			);
			runOnlyForDeploymentPostprocessing = 0;
		};
		99848157248E639C00BC0A8A /* Sources */ = {
			isa = PBXSourcesBuildPhase;
			buildActionMask = 2147483647;
			files = (
				998481AA24924A3600BC0A8A /* SubscriptionControllerTests.swift in Sources */,
				99848197248E6FC500BC0A8A /* APIDataTests.swift in Sources */,
				998481A1248E99CE00BC0A8A /* SubscriptionTests.swift in Sources */,
				998481A5248FB37F00BC0A8A /* ActivationResponseTests.swift in Sources */,
				9999A24D24FD454B001F8161 /* APITestCase.swift in Sources */,
				99848183248E68DF00BC0A8A /* MockNetworkAdapter.swift in Sources */,
				99848181248E68C500BC0A8A /* CheckAPITests.swift in Sources */,
				9984817D248E68A600BC0A8A /* DeactivateAPITests.swift in Sources */,
				998481AE24927EA600BC0A8A /* MockSubscriptionAPI.swift in Sources */,
				9984817F248E68B600BC0A8A /* ActivateAPITests.swift in Sources */,
				998481A7248FDE5E00BC0A8A /* XCTestExtensions.swift in Sources */,
				9984819D248E94E200BC0A8A /* Mac-DeviceTests.swift in Sources */,
				998481A3248FA3BD00BC0A8A /* SubscriptionDeviceTests.swift in Sources */,
			);
			runOnlyForDeploymentPostprocessing = 0;
		};
		998481CE2496768100BC0A8A /* Sources */ = {
			isa = PBXSourcesBuildPhase;
			buildActionMask = 2147483647;
			files = (
				998481DF24967A1700BC0A8A /* XCTestExtensions.swift in Sources */,
				998481D52496768100BC0A8A /* M3SubscriptionsStageTests.swift in Sources */,
			);
			runOnlyForDeploymentPostprocessing = 0;
		};
/* End PBXSourcesBuildPhase section */

/* Begin PBXTargetDependency section */
		99848162248E639C00BC0A8A /* PBXTargetDependency */ = {
			isa = PBXTargetDependency;
			target = 99848148248E635600BC0A8A /* M3Subscriptions */;
			targetProxy = 99848161248E639C00BC0A8A /* PBXContainerItemProxy */;
		};
		998481D92496768100BC0A8A /* PBXTargetDependency */ = {
			isa = PBXTargetDependency;
			target = 99848148248E635600BC0A8A /* M3Subscriptions */;
			targetProxy = 998481D82496768100BC0A8A /* PBXContainerItemProxy */;
		};
/* End PBXTargetDependency section */

/* Begin XCBuildConfiguration section */
		99848150248E635600BC0A8A /* Debug */ = {
			isa = XCBuildConfiguration;
			buildSettings = {
				ALWAYS_SEARCH_USER_PATHS = NO;
				CLANG_ANALYZER_NONNULL = YES;
				CLANG_ANALYZER_NUMBER_OBJECT_CONVERSION = YES_AGGRESSIVE;
				CLANG_CXX_LANGUAGE_STANDARD = "gnu++14";
				CLANG_CXX_LIBRARY = "libc++";
				CLANG_ENABLE_MODULES = YES;
				CLANG_ENABLE_OBJC_ARC = YES;
				CLANG_ENABLE_OBJC_WEAK = YES;
				CLANG_WARN_BLOCK_CAPTURE_AUTORELEASING = YES;
				CLANG_WARN_BOOL_CONVERSION = YES;
				CLANG_WARN_COMMA = YES;
				CLANG_WARN_CONSTANT_CONVERSION = YES;
				CLANG_WARN_DEPRECATED_OBJC_IMPLEMENTATIONS = YES;
				CLANG_WARN_DIRECT_OBJC_ISA_USAGE = YES_ERROR;
				CLANG_WARN_DOCUMENTATION_COMMENTS = YES;
				CLANG_WARN_EMPTY_BODY = YES;
				CLANG_WARN_ENUM_CONVERSION = YES;
				CLANG_WARN_INFINITE_RECURSION = YES;
				CLANG_WARN_INT_CONVERSION = YES;
				CLANG_WARN_NON_LITERAL_NULL_CONVERSION = YES;
				CLANG_WARN_OBJC_IMPLICIT_RETAIN_SELF = YES;
				CLANG_WARN_OBJC_LITERAL_CONVERSION = YES;
				CLANG_WARN_OBJC_ROOT_CLASS = YES_ERROR;
				CLANG_WARN_QUOTED_INCLUDE_IN_FRAMEWORK_HEADER = YES;
				CLANG_WARN_RANGE_LOOP_ANALYSIS = YES;
				CLANG_WARN_STRICT_PROTOTYPES = YES;
				CLANG_WARN_SUSPICIOUS_MOVE = YES;
				CLANG_WARN_UNGUARDED_AVAILABILITY = YES_AGGRESSIVE;
				CLANG_WARN_UNREACHABLE_CODE = YES;
				CLANG_WARN__DUPLICATE_METHOD_MATCH = YES;
				COPY_PHASE_STRIP = NO;
				DEAD_CODE_STRIPPING = YES;
				DEBUG_INFORMATION_FORMAT = dwarf;
				ENABLE_STRICT_OBJC_MSGSEND = YES;
				ENABLE_TESTABILITY = YES;
				GCC_C_LANGUAGE_STANDARD = gnu11;
				GCC_DYNAMIC_NO_PIC = NO;
				GCC_NO_COMMON_BLOCKS = YES;
				GCC_OPTIMIZATION_LEVEL = 0;
				GCC_PREPROCESSOR_DEFINITIONS = (
					"DEBUG=1",
					"$(inherited)",
				);
				GCC_WARN_64_TO_32_BIT_CONVERSION = YES;
				GCC_WARN_ABOUT_RETURN_TYPE = YES_ERROR;
				GCC_WARN_UNDECLARED_SELECTOR = YES;
				GCC_WARN_UNINITIALIZED_AUTOS = YES_AGGRESSIVE;
				GCC_WARN_UNUSED_FUNCTION = YES;
				GCC_WARN_UNUSED_VARIABLE = YES;
				MACOSX_DEPLOYMENT_TARGET = 10.15;
				MTL_ENABLE_DEBUG_INFO = INCLUDE_SOURCE;
				MTL_FAST_MATH = YES;
				ONLY_ACTIVE_ARCH = YES;
				OTHER_SWIFT_FLAGS = "-D DEBUG";
				SDKROOT = macosx;
			};
			name = Debug;
		};
		99848151248E635600BC0A8A /* Release */ = {
			isa = XCBuildConfiguration;
			buildSettings = {
				ALWAYS_SEARCH_USER_PATHS = NO;
				CLANG_ANALYZER_NONNULL = YES;
				CLANG_ANALYZER_NUMBER_OBJECT_CONVERSION = YES_AGGRESSIVE;
				CLANG_CXX_LANGUAGE_STANDARD = "gnu++14";
				CLANG_CXX_LIBRARY = "libc++";
				CLANG_ENABLE_MODULES = YES;
				CLANG_ENABLE_OBJC_ARC = YES;
				CLANG_ENABLE_OBJC_WEAK = YES;
				CLANG_WARN_BLOCK_CAPTURE_AUTORELEASING = YES;
				CLANG_WARN_BOOL_CONVERSION = YES;
				CLANG_WARN_COMMA = YES;
				CLANG_WARN_CONSTANT_CONVERSION = YES;
				CLANG_WARN_DEPRECATED_OBJC_IMPLEMENTATIONS = YES;
				CLANG_WARN_DIRECT_OBJC_ISA_USAGE = YES_ERROR;
				CLANG_WARN_DOCUMENTATION_COMMENTS = YES;
				CLANG_WARN_EMPTY_BODY = YES;
				CLANG_WARN_ENUM_CONVERSION = YES;
				CLANG_WARN_INFINITE_RECURSION = YES;
				CLANG_WARN_INT_CONVERSION = YES;
				CLANG_WARN_NON_LITERAL_NULL_CONVERSION = YES;
				CLANG_WARN_OBJC_IMPLICIT_RETAIN_SELF = YES;
				CLANG_WARN_OBJC_LITERAL_CONVERSION = YES;
				CLANG_WARN_OBJC_ROOT_CLASS = YES_ERROR;
				CLANG_WARN_QUOTED_INCLUDE_IN_FRAMEWORK_HEADER = YES;
				CLANG_WARN_RANGE_LOOP_ANALYSIS = YES;
				CLANG_WARN_STRICT_PROTOTYPES = YES;
				CLANG_WARN_SUSPICIOUS_MOVE = YES;
				CLANG_WARN_UNGUARDED_AVAILABILITY = YES_AGGRESSIVE;
				CLANG_WARN_UNREACHABLE_CODE = YES;
				CLANG_WARN__DUPLICATE_METHOD_MATCH = YES;
				COPY_PHASE_STRIP = NO;
				DEAD_CODE_STRIPPING = YES;
				DEBUG_INFORMATION_FORMAT = "dwarf-with-dsym";
				ENABLE_NS_ASSERTIONS = NO;
				ENABLE_STRICT_OBJC_MSGSEND = YES;
				GCC_C_LANGUAGE_STANDARD = gnu11;
				GCC_NO_COMMON_BLOCKS = YES;
				GCC_WARN_64_TO_32_BIT_CONVERSION = YES;
				GCC_WARN_ABOUT_RETURN_TYPE = YES_ERROR;
				GCC_WARN_UNDECLARED_SELECTOR = YES;
				GCC_WARN_UNINITIALIZED_AUTOS = YES_AGGRESSIVE;
				GCC_WARN_UNUSED_FUNCTION = YES;
				GCC_WARN_UNUSED_VARIABLE = YES;
				MACOSX_DEPLOYMENT_TARGET = 10.15;
				MTL_ENABLE_DEBUG_INFO = NO;
				MTL_FAST_MATH = YES;
				SDKROOT = macosx;
				SWIFT_COMPILATION_MODE = wholemodule;
			};
			name = Release;
		};
		99848153248E635600BC0A8A /* Debug */ = {
			isa = XCBuildConfiguration;
			buildSettings = {
				CLANG_ENABLE_MODULES = YES;
				CODE_SIGN_STYLE = Automatic;
				DEAD_CODE_STRIPPING = YES;
				DEVELOPMENT_TEAM = Z699XFM6P2;
				EXECUTABLE_PREFIX = lib;
				LD_RUNPATH_SEARCH_PATHS = (
					"$(inherited)",
					"@executable_path/../Frameworks",
					"@loader_path/../Frameworks",
				);
				PRODUCT_NAME = "$(TARGET_NAME)";
				SKIP_INSTALL = YES;
				SWIFT_OPTIMIZATION_LEVEL = "-Onone";
				SWIFT_VERSION = 5.0;
			};
			name = Debug;
		};
		99848154248E635600BC0A8A /* Release */ = {
			isa = XCBuildConfiguration;
			buildSettings = {
				CLANG_ENABLE_MODULES = YES;
				CODE_SIGN_STYLE = Automatic;
				DEAD_CODE_STRIPPING = YES;
				DEVELOPMENT_TEAM = Z699XFM6P2;
				EXECUTABLE_PREFIX = lib;
				LD_RUNPATH_SEARCH_PATHS = (
					"$(inherited)",
					"@executable_path/../Frameworks",
					"@loader_path/../Frameworks",
				);
				PRODUCT_NAME = "$(TARGET_NAME)";
				SKIP_INSTALL = YES;
				SWIFT_VERSION = 5.0;
			};
			name = Release;
		};
		99848164248E639C00BC0A8A /* Debug */ = {
			isa = XCBuildConfiguration;
			buildSettings = {
				CLANG_ENABLE_MODULES = YES;
				CODE_SIGN_STYLE = Automatic;
				COMBINE_HIDPI_IMAGES = YES;
				DEAD_CODE_STRIPPING = YES;
				DEVELOPMENT_TEAM = K3K39KWKBV;
				INFOPLIST_FILE = M3SubscriptionsTests/Info.plist;
				LD_RUNPATH_SEARCH_PATHS = (
					"$(inherited)",
					"@executable_path/../Frameworks",
					"@loader_path/../Frameworks",
				);
				PRODUCT_BUNDLE_IDENTIFIER = com.mcubedsw.M3SubscriptionsTests;
				PRODUCT_NAME = "$(TARGET_NAME)";
				SWIFT_ACTIVE_COMPILATION_CONDITIONS = DEBUG;
				SWIFT_OPTIMIZATION_LEVEL = "-Onone";
				SWIFT_VERSION = 5.0;
			};
			name = Debug;
		};
		99848165248E639C00BC0A8A /* Release */ = {
			isa = XCBuildConfiguration;
			buildSettings = {
				CLANG_ENABLE_MODULES = YES;
				CODE_SIGN_STYLE = Automatic;
				COMBINE_HIDPI_IMAGES = YES;
				DEAD_CODE_STRIPPING = YES;
				DEVELOPMENT_TEAM = K3K39KWKBV;
				INFOPLIST_FILE = M3SubscriptionsTests/Info.plist;
				LD_RUNPATH_SEARCH_PATHS = (
					"$(inherited)",
					"@executable_path/../Frameworks",
					"@loader_path/../Frameworks",
				);
				PRODUCT_BUNDLE_IDENTIFIER = com.mcubedsw.M3SubscriptionsTests;
				PRODUCT_NAME = "$(TARGET_NAME)";
				SWIFT_COMPILATION_MODE = wholemodule;
				SWIFT_OPTIMIZATION_LEVEL = "-O";
				SWIFT_VERSION = 5.0;
			};
			name = Release;
		};
		998481AF2494292500BC0A8A /* Test */ = {
			isa = XCBuildConfiguration;
			buildSettings = {
				ALWAYS_SEARCH_USER_PATHS = NO;
				CLANG_ANALYZER_NONNULL = YES;
				CLANG_ANALYZER_NUMBER_OBJECT_CONVERSION = YES_AGGRESSIVE;
				CLANG_CXX_LANGUAGE_STANDARD = "gnu++14";
				CLANG_CXX_LIBRARY = "libc++";
				CLANG_ENABLE_MODULES = YES;
				CLANG_ENABLE_OBJC_ARC = YES;
				CLANG_ENABLE_OBJC_WEAK = YES;
				CLANG_WARN_BLOCK_CAPTURE_AUTORELEASING = YES;
				CLANG_WARN_BOOL_CONVERSION = YES;
				CLANG_WARN_COMMA = YES;
				CLANG_WARN_CONSTANT_CONVERSION = YES;
				CLANG_WARN_DEPRECATED_OBJC_IMPLEMENTATIONS = YES;
				CLANG_WARN_DIRECT_OBJC_ISA_USAGE = YES_ERROR;
				CLANG_WARN_DOCUMENTATION_COMMENTS = YES;
				CLANG_WARN_EMPTY_BODY = YES;
				CLANG_WARN_ENUM_CONVERSION = YES;
				CLANG_WARN_INFINITE_RECURSION = YES;
				CLANG_WARN_INT_CONVERSION = YES;
				CLANG_WARN_NON_LITERAL_NULL_CONVERSION = YES;
				CLANG_WARN_OBJC_IMPLICIT_RETAIN_SELF = YES;
				CLANG_WARN_OBJC_LITERAL_CONVERSION = YES;
				CLANG_WARN_OBJC_ROOT_CLASS = YES_ERROR;
				CLANG_WARN_QUOTED_INCLUDE_IN_FRAMEWORK_HEADER = YES;
				CLANG_WARN_RANGE_LOOP_ANALYSIS = YES;
				CLANG_WARN_STRICT_PROTOTYPES = YES;
				CLANG_WARN_SUSPICIOUS_MOVE = YES;
				CLANG_WARN_UNGUARDED_AVAILABILITY = YES_AGGRESSIVE;
				CLANG_WARN_UNREACHABLE_CODE = YES;
				CLANG_WARN__DUPLICATE_METHOD_MATCH = YES;
				COPY_PHASE_STRIP = NO;
				DEAD_CODE_STRIPPING = YES;
				DEBUG_INFORMATION_FORMAT = dwarf;
				ENABLE_STRICT_OBJC_MSGSEND = YES;
				ENABLE_TESTABILITY = YES;
				GCC_C_LANGUAGE_STANDARD = gnu11;
				GCC_DYNAMIC_NO_PIC = NO;
				GCC_NO_COMMON_BLOCKS = YES;
				GCC_OPTIMIZATION_LEVEL = 0;
				GCC_PREPROCESSOR_DEFINITIONS = (
					"DEBUG=1",
					"TEST=1",
					"$(inherited)",
				);
				GCC_WARN_64_TO_32_BIT_CONVERSION = YES;
				GCC_WARN_ABOUT_RETURN_TYPE = YES_ERROR;
				GCC_WARN_UNDECLARED_SELECTOR = YES;
				GCC_WARN_UNINITIALIZED_AUTOS = YES_AGGRESSIVE;
				GCC_WARN_UNUSED_FUNCTION = YES;
				GCC_WARN_UNUSED_VARIABLE = YES;
				MACOSX_DEPLOYMENT_TARGET = 10.15;
				MTL_ENABLE_DEBUG_INFO = INCLUDE_SOURCE;
				MTL_FAST_MATH = YES;
				ONLY_ACTIVE_ARCH = YES;
				OTHER_SWIFT_FLAGS = "-D TEST -D DEBUG";
				SDKROOT = macosx;
			};
			name = Test;
		};
		998481B02494292500BC0A8A /* Test */ = {
			isa = XCBuildConfiguration;
			buildSettings = {
				CLANG_ENABLE_MODULES = YES;
				CODE_SIGN_STYLE = Automatic;
				DEAD_CODE_STRIPPING = YES;
				DEVELOPMENT_TEAM = Z699XFM6P2;
				EXECUTABLE_PREFIX = lib;
				LD_RUNPATH_SEARCH_PATHS = (
					"$(inherited)",
					"@executable_path/../Frameworks",
					"@loader_path/../Frameworks",
				);
				PRODUCT_NAME = "$(TARGET_NAME)";
				SKIP_INSTALL = YES;
				SWIFT_OPTIMIZATION_LEVEL = "-Onone";
				SWIFT_VERSION = 5.0;
			};
			name = Test;
		};
		998481B12494292500BC0A8A /* Test */ = {
			isa = XCBuildConfiguration;
			buildSettings = {
				CLANG_ENABLE_MODULES = YES;
				CODE_SIGN_STYLE = Automatic;
				COMBINE_HIDPI_IMAGES = YES;
				DEAD_CODE_STRIPPING = YES;
				DEVELOPMENT_TEAM = K3K39KWKBV;
				INFOPLIST_FILE = M3SubscriptionsTests/Info.plist;
				LD_RUNPATH_SEARCH_PATHS = (
					"$(inherited)",
					"@executable_path/../Frameworks",
					"@loader_path/../Frameworks",
				);
				PRODUCT_BUNDLE_IDENTIFIER = com.mcubedsw.M3SubscriptionsTests;
				PRODUCT_NAME = "$(TARGET_NAME)";
				SWIFT_ACTIVE_COMPILATION_CONDITIONS = DEBUG;
				SWIFT_OPTIMIZATION_LEVEL = "-Onone";
				SWIFT_VERSION = 5.0;
			};
			name = Test;
		};
		998481DB2496768100BC0A8A /* Debug */ = {
			isa = XCBuildConfiguration;
			buildSettings = {
				CODE_SIGN_STYLE = Automatic;
				COMBINE_HIDPI_IMAGES = YES;
				DEAD_CODE_STRIPPING = YES;
				DEVELOPMENT_TEAM = K3K39KWKBV;
				INFOPLIST_FILE = M3SubscriptionsStageTests/Info.plist;
				LD_RUNPATH_SEARCH_PATHS = (
					"$(inherited)",
					"@executable_path/../Frameworks",
					"@loader_path/../Frameworks",
				);
				PRODUCT_BUNDLE_IDENTIFIER = com.mcubedsw.M3SubscriptionsStageTests;
				PRODUCT_NAME = "$(TARGET_NAME)";
				SWIFT_ACTIVE_COMPILATION_CONDITIONS = DEBUG;
				SWIFT_OPTIMIZATION_LEVEL = "-Onone";
				SWIFT_VERSION = 5.0;
			};
			name = Debug;
		};
		998481DC2496768100BC0A8A /* Test */ = {
			isa = XCBuildConfiguration;
			buildSettings = {
				CODE_SIGN_STYLE = Automatic;
				COMBINE_HIDPI_IMAGES = YES;
				DEAD_CODE_STRIPPING = YES;
				DEVELOPMENT_TEAM = K3K39KWKBV;
				INFOPLIST_FILE = M3SubscriptionsStageTests/Info.plist;
				LD_RUNPATH_SEARCH_PATHS = (
					"$(inherited)",
					"@executable_path/../Frameworks",
					"@loader_path/../Frameworks",
				);
				PRODUCT_BUNDLE_IDENTIFIER = com.mcubedsw.M3SubscriptionsStageTests;
				PRODUCT_NAME = "$(TARGET_NAME)";
				SWIFT_OPTIMIZATION_LEVEL = "-Onone";
				SWIFT_VERSION = 5.0;
			};
			name = Test;
		};
		998481DD2496768100BC0A8A /* Release */ = {
			isa = XCBuildConfiguration;
			buildSettings = {
				CODE_SIGN_STYLE = Automatic;
				COMBINE_HIDPI_IMAGES = YES;
				DEAD_CODE_STRIPPING = YES;
				DEVELOPMENT_TEAM = K3K39KWKBV;
				INFOPLIST_FILE = M3SubscriptionsStageTests/Info.plist;
				LD_RUNPATH_SEARCH_PATHS = (
					"$(inherited)",
					"@executable_path/../Frameworks",
					"@loader_path/../Frameworks",
				);
				PRODUCT_BUNDLE_IDENTIFIER = com.mcubedsw.M3SubscriptionsStageTests;
				PRODUCT_NAME = "$(TARGET_NAME)";
				SWIFT_COMPILATION_MODE = wholemodule;
				SWIFT_OPTIMIZATION_LEVEL = "-O";
				SWIFT_VERSION = 5.0;
			};
			name = Release;
		};
		99BC43212509574F0032D7A3 /* Archive */ = {
			isa = XCBuildConfiguration;
			buildSettings = {
				ALWAYS_SEARCH_USER_PATHS = NO;
				CLANG_ANALYZER_NONNULL = YES;
				CLANG_ANALYZER_NUMBER_OBJECT_CONVERSION = YES_AGGRESSIVE;
				CLANG_CXX_LANGUAGE_STANDARD = "gnu++14";
				CLANG_CXX_LIBRARY = "libc++";
				CLANG_ENABLE_MODULES = YES;
				CLANG_ENABLE_OBJC_ARC = YES;
				CLANG_ENABLE_OBJC_WEAK = YES;
				CLANG_WARN_BLOCK_CAPTURE_AUTORELEASING = YES;
				CLANG_WARN_BOOL_CONVERSION = YES;
				CLANG_WARN_COMMA = YES;
				CLANG_WARN_CONSTANT_CONVERSION = YES;
				CLANG_WARN_DEPRECATED_OBJC_IMPLEMENTATIONS = YES;
				CLANG_WARN_DIRECT_OBJC_ISA_USAGE = YES_ERROR;
				CLANG_WARN_DOCUMENTATION_COMMENTS = YES;
				CLANG_WARN_EMPTY_BODY = YES;
				CLANG_WARN_ENUM_CONVERSION = YES;
				CLANG_WARN_INFINITE_RECURSION = YES;
				CLANG_WARN_INT_CONVERSION = YES;
				CLANG_WARN_NON_LITERAL_NULL_CONVERSION = YES;
				CLANG_WARN_OBJC_IMPLICIT_RETAIN_SELF = YES;
				CLANG_WARN_OBJC_LITERAL_CONVERSION = YES;
				CLANG_WARN_OBJC_ROOT_CLASS = YES_ERROR;
				CLANG_WARN_QUOTED_INCLUDE_IN_FRAMEWORK_HEADER = YES;
				CLANG_WARN_RANGE_LOOP_ANALYSIS = YES;
				CLANG_WARN_STRICT_PROTOTYPES = YES;
				CLANG_WARN_SUSPICIOUS_MOVE = YES;
				CLANG_WARN_UNGUARDED_AVAILABILITY = YES_AGGRESSIVE;
				CLANG_WARN_UNREACHABLE_CODE = YES;
				CLANG_WARN__DUPLICATE_METHOD_MATCH = YES;
				COPY_PHASE_STRIP = NO;
				DEAD_CODE_STRIPPING = YES;
				DEBUG_INFORMATION_FORMAT = "dwarf-with-dsym";
				ENABLE_NS_ASSERTIONS = NO;
				ENABLE_STRICT_OBJC_MSGSEND = YES;
				GCC_C_LANGUAGE_STANDARD = gnu11;
				GCC_NO_COMMON_BLOCKS = YES;
				GCC_WARN_64_TO_32_BIT_CONVERSION = YES;
				GCC_WARN_ABOUT_RETURN_TYPE = YES_ERROR;
				GCC_WARN_UNDECLARED_SELECTOR = YES;
				GCC_WARN_UNINITIALIZED_AUTOS = YES_AGGRESSIVE;
				GCC_WARN_UNUSED_FUNCTION = YES;
				GCC_WARN_UNUSED_VARIABLE = YES;
				MACOSX_DEPLOYMENT_TARGET = 10.15;
				MTL_ENABLE_DEBUG_INFO = NO;
				MTL_FAST_MATH = YES;
				SDKROOT = macosx;
				SWIFT_COMPILATION_MODE = wholemodule;
			};
			name = Archive;
		};
		99BC43222509574F0032D7A3 /* Archive */ = {
			isa = XCBuildConfiguration;
			buildSettings = {
				CLANG_ENABLE_MODULES = YES;
				CODE_SIGN_STYLE = Automatic;
				DEAD_CODE_STRIPPING = YES;
				DEVELOPMENT_TEAM = Z699XFM6P2;
				EXECUTABLE_PREFIX = lib;
				LD_RUNPATH_SEARCH_PATHS = (
					"$(inherited)",
					"@executable_path/../Frameworks",
					"@loader_path/../Frameworks",
				);
				PRODUCT_NAME = "$(TARGET_NAME)";
				SKIP_INSTALL = YES;
				SWIFT_VERSION = 5.0;
			};
			name = Archive;
		};
		99BC43232509574F0032D7A3 /* Archive */ = {
			isa = XCBuildConfiguration;
			buildSettings = {
				CLANG_ENABLE_MODULES = YES;
				CODE_SIGN_STYLE = Automatic;
				COMBINE_HIDPI_IMAGES = YES;
				DEAD_CODE_STRIPPING = YES;
				DEVELOPMENT_TEAM = K3K39KWKBV;
				INFOPLIST_FILE = M3SubscriptionsTests/Info.plist;
				LD_RUNPATH_SEARCH_PATHS = (
					"$(inherited)",
					"@executable_path/../Frameworks",
					"@loader_path/../Frameworks",
				);
				PRODUCT_BUNDLE_IDENTIFIER = com.mcubedsw.M3SubscriptionsTests;
				PRODUCT_NAME = "$(TARGET_NAME)";
				SWIFT_COMPILATION_MODE = wholemodule;
				SWIFT_OPTIMIZATION_LEVEL = "-O";
				SWIFT_VERSION = 5.0;
			};
			name = Archive;
		};
		99BC43242509574F0032D7A3 /* Archive */ = {
			isa = XCBuildConfiguration;
			buildSettings = {
				CODE_SIGN_STYLE = Automatic;
				COMBINE_HIDPI_IMAGES = YES;
				DEAD_CODE_STRIPPING = YES;
				DEVELOPMENT_TEAM = K3K39KWKBV;
				INFOPLIST_FILE = M3SubscriptionsStageTests/Info.plist;
				LD_RUNPATH_SEARCH_PATHS = (
					"$(inherited)",
					"@executable_path/../Frameworks",
					"@loader_path/../Frameworks",
				);
				PRODUCT_BUNDLE_IDENTIFIER = com.mcubedsw.M3SubscriptionsStageTests;
				PRODUCT_NAME = "$(TARGET_NAME)";
				SWIFT_COMPILATION_MODE = wholemodule;
				SWIFT_OPTIMIZATION_LEVEL = "-O";
				SWIFT_VERSION = 5.0;
			};
			name = Archive;
		};
/* End XCBuildConfiguration section */

/* Begin XCConfigurationList section */
		99848144248E635600BC0A8A /* Build configuration list for PBXProject "M3Subscriptions" */ = {
			isa = XCConfigurationList;
			buildConfigurations = (
				99848150248E635600BC0A8A /* Debug */,
				998481AF2494292500BC0A8A /* Test */,
				99848151248E635600BC0A8A /* Release */,
				99BC43212509574F0032D7A3 /* Archive */,
			);
			defaultConfigurationIsVisible = 0;
			defaultConfigurationName = Release;
		};
		99848152248E635600BC0A8A /* Build configuration list for PBXNativeTarget "M3Subscriptions" */ = {
			isa = XCConfigurationList;
			buildConfigurations = (
				99848153248E635600BC0A8A /* Debug */,
				998481B02494292500BC0A8A /* Test */,
				99848154248E635600BC0A8A /* Release */,
				99BC43222509574F0032D7A3 /* Archive */,
			);
			defaultConfigurationIsVisible = 0;
			defaultConfigurationName = Release;
		};
		99848163248E639C00BC0A8A /* Build configuration list for PBXNativeTarget "M3SubscriptionsTests" */ = {
			isa = XCConfigurationList;
			buildConfigurations = (
				99848164248E639C00BC0A8A /* Debug */,
				998481B12494292500BC0A8A /* Test */,
				99848165248E639C00BC0A8A /* Release */,
				99BC43232509574F0032D7A3 /* Archive */,
			);
			defaultConfigurationIsVisible = 0;
			defaultConfigurationName = Release;
		};
		998481DA2496768100BC0A8A /* Build configuration list for PBXNativeTarget "M3SubscriptionsStageTests" */ = {
			isa = XCConfigurationList;
			buildConfigurations = (
				998481DB2496768100BC0A8A /* Debug */,
				998481DC2496768100BC0A8A /* Test */,
				998481DD2496768100BC0A8A /* Release */,
				99BC43242509574F0032D7A3 /* Archive */,
			);
			defaultConfigurationIsVisible = 0;
			defaultConfigurationName = Release;
		};
/* End XCConfigurationList section */
	};
	rootObject = 99848141248E635600BC0A8A /* Project object */;
}
