{
  "object": {
    "pins": [
      {
        "package": "DVR",
        "repositoryURL": "https://github.com/venmo/DVR",
        "state": {
          "branch": null,
          "revision": "d13f7135d1993053580efe13c9ecc43200852d09",
          "version": "2.1.0"
        }
      }
    ]
  },
  "version": 1
}
