// !$*UTF8*$!
{
	archiveVersion = 1;
	classes = {
	};
	objectVersion = 54;
	objects = {

/* Begin PBXBuildFile section */
		99248D212B3497DE0059546E /* M3Data in Frameworks */ = {isa = PBXBuildFile; productRef = 99248D202B3497DE0059546E /* M3Data */; };
		99399D0B28F45AA800B0E080 /* MockPageHierarchyRestorer.swift in Sources */ = {isa = PBXBuildFile; fileRef = 99399D0A28F45AA800B0E080 /* MockPageHierarchyRestorer.swift */; };
		994664A02816EE0300A08522 /* CroppedImageCache.swift in Sources */ = {isa = PBXBuildFile; fileRef = 9946649F2816EE0300A08522 /* CroppedImageCache.swift */; };
		9948C0CF2896B78C00DB754E /* TestData.Plist.V2.swift in Sources */ = {isa = PBXBuildFile; fileRef = 9948C0CE2896B78C00DB754E /* TestData.Plist.V2.swift */; };
		9948C0D12896B79B00DB754E /* TestData.swift in Sources */ = {isa = PBXBuildFile; fileRef = 9948C0D02896B79B00DB754E /* TestData.swift */; };
		9948C0D42896BA2F00DB754E /* PlistV2.swift in Sources */ = {isa = PBXBuildFile; fileRef = 9948C0D32896BA2F00DB754E /* PlistV2.swift */; };
		9948C0D62896BA6900DB754E /* PlistV3.swift in Sources */ = {isa = PBXBuildFile; fileRef = 9948C0D52896BA6900DB754E /* PlistV3.swift */; };
		9948C0D82896BA8700DB754E /* Plist.swift in Sources */ = {isa = PBXBuildFile; fileRef = 9948C0D72896BA8700DB754E /* Plist.swift */; };
		9948C0DB2897F98E00DB754E /* PlistV2Tests.swift in Sources */ = {isa = PBXBuildFile; fileRef = 9948C0DA2897F98E00DB754E /* PlistV2Tests.swift */; };
		9948C0DD289801D800DB754E /* PlistV3Tests.swift in Sources */ = {isa = PBXBuildFile; fileRef = 9948C0DC289801D800DB754E /* PlistV3Tests.swift */; };
		9948C0DF2898040A00DB754E /* TestData.Plist.V3.swift in Sources */ = {isa = PBXBuildFile; fileRef = 9948C0DE2898040A00DB754E /* TestData.Plist.V3.swift */; };
		9948C0E12898298600DB754E /* TestData.ModelController.swift in Sources */ = {isa = PBXBuildFile; fileRef = 9948C0E02898298600DB754E /* TestData.ModelController.swift */; };
		994E570428D74E7F0063E1D6 /* StandardHoverEventContext.swift in Sources */ = {isa = PBXBuildFile; fileRef = 994E570328D74E7F0063E1D6 /* StandardHoverEventContext.swift */; };
		9955BD3528BA65E40040FEE9 /* NSBezierPath+M3Extensions.swift in Sources */ = {isa = PBXBuildFile; fileRef = 9955BD3428BA65E30040FEE9 /* NSBezierPath+M3Extensions.swift */; };
		9969905928D88C6D002A7372 /* CreateLinkHoverEventContext.swift in Sources */ = {isa = PBXBuildFile; fileRef = 9969905828D88C6D002A7372 /* CreateLinkHoverEventContext.swift */; };
		9969905B28D8B5FF002A7372 /* CreateLinkMouseEventContext.swift in Sources */ = {isa = PBXBuildFile; fileRef = 9969905A28D8B5FF002A7372 /* CreateLinkMouseEventContext.swift */; };
		9979B90828E0847A00E1CDC4 /* CreateLinkKeyEventContext.swift in Sources */ = {isa = PBXBuildFile; fileRef = 9979B90728E0847A00E1CDC4 /* CreateLinkKeyEventContext.swift */; };
		997ABC482882E96E00A75722 /* CanvasLink.swift in Sources */ = {isa = PBXBuildFile; fileRef = 997ABC472882E96E00A75722 /* CanvasLink.swift */; };
		997EA3D428E1D4E900C6542C /* NSAttributedString+M3Extensions.swift in Sources */ = {isa = PBXBuildFile; fileRef = 997EA3D328E1D4E900C6542C /* NSAttributedString+M3Extensions.swift */; };
		9991FE2628C4E20200946746 /* SelectLinkEventContext.swift in Sources */ = {isa = PBXBuildFile; fileRef = 9991FE2528C4E20200946746 /* SelectLinkEventContext.swift */; };
		99983E71278C9D660020759D /* MockLayoutEnginePageView.swift in Sources */ = {isa = PBXBuildFile; fileRef = 99983E70278C9D660020759D /* MockLayoutEnginePageView.swift */; };
		9999788928AA8699002930FD /* PageHierarchy.swift in Sources */ = {isa = PBXBuildFile; fileRef = 9999788828AA8699002930FD /* PageHierarchy.swift */; };
		99AB31532906BDB900BD0C74 /* MockPageHierarchyBuilder.swift in Sources */ = {isa = PBXBuildFile; fileRef = 99AB31522906BDB900BD0C74 /* MockPageHierarchyBuilder.swift */; };
		99B04A0E28F1CEFC00B657DE /* StandardHoverEventContextTests.swift in Sources */ = {isa = PBXBuildFile; fileRef = 99B04A0D28F1CEFC00B657DE /* StandardHoverEventContextTests.swift */; };
		99B04A1028F1E3F800B657DE /* CreateLinkHoverEventContextTests.swift in Sources */ = {isa = PBXBuildFile; fileRef = 99B04A0F28F1E3F800B657DE /* CreateLinkHoverEventContextTests.swift */; };
		99B04A1228F1E60300B657DE /* PageHierarchyBuilderTests.swift in Sources */ = {isa = PBXBuildFile; fileRef = 99B04A1128F1E60300B657DE /* PageHierarchyBuilderTests.swift */; };
		99B04A1428F1E61C00B657DE /* PageHierarchyRestorerTests.swift in Sources */ = {isa = PBXBuildFile; fileRef = 99B04A1328F1E61C00B657DE /* PageHierarchyRestorerTests.swift */; };
		99BC4352256C15F200BBB0EA /* Array+M3ExtensionsTests.swift in Sources */ = {isa = PBXBuildFile; fileRef = 99BC4351256C15F200BBB0EA /* Array+M3ExtensionsTests.swift */; };
		99BC4375256C168000BBB0EA /* CoreGraphics+M3ExtensionsTests.swift in Sources */ = {isa = PBXBuildFile; fileRef = 99BC4374256C168000BBB0EA /* CoreGraphics+M3ExtensionsTests.swift */; };
		99BC437B256C22E800BBB0EA /* ModelObjects+Misc.swift in Sources */ = {isa = PBXBuildFile; fileRef = 99BC437A256C22E800BBB0EA /* ModelObjects+Misc.swift */; };
		99BC438B256C241D00BBB0EA /* ModelObjects+MiscTests.swift in Sources */ = {isa = PBXBuildFile; fileRef = 99BC438A256C241D00BBB0EA /* ModelObjects+MiscTests.swift */; };
		99C0BA9928B11D9D00F42AD9 /* PageHierarchyBuilder.swift in Sources */ = {isa = PBXBuildFile; fileRef = 99C0BA9828B11D9D00F42AD9 /* PageHierarchyBuilder.swift */; };
		99C0BA9B28B265F500F42AD9 /* PageHierarchyRestorer.swift in Sources */ = {isa = PBXBuildFile; fileRef = 99C0BA9A28B265F500F42AD9 /* PageHierarchyRestorer.swift */; };
		99C88C7B28A13B68006791CB /* Set+M3Extensions.swift in Sources */ = {isa = PBXBuildFile; fileRef = 99C88C7A28A13B68006791CB /* Set+M3Extensions.swift */; };
		99C88C7D28A1419C006791CB /* LayoutEngineLink+CanvasLink.swift in Sources */ = {isa = PBXBuildFile; fileRef = 99C88C7C28A1419C006791CB /* LayoutEngineLink+CanvasLink.swift */; };
		99D0C76024C5DD1E002EEBFA /* CoppiceCore.framework in Frameworks */ = {isa = PBXBuildFile; fileRef = 99D0C75624C5DD1E002EEBFA /* CoppiceCore.framework */; };
		99D0C76724C5DD1E002EEBFA /* CoppiceCore.h in Headers */ = {isa = PBXBuildFile; fileRef = 99D0C75924C5DD1E002EEBFA /* CoppiceCore.h */; settings = {ATTRIBUTES = (Public, ); }; };
		99D0C7FC24C5DE79002EEBFA /* CoppiceModelController.swift in Sources */ = {isa = PBXBuildFile; fileRef = 99D0C7DF24C5DE79002EEBFA /* CoppiceModelController.swift */; };
		99D0C80724C5DE79002EEBFA /* ModelObjects+Searching.swift in Sources */ = {isa = PBXBuildFile; fileRef = 99D0C7EC24C5DE79002EEBFA /* ModelObjects+Searching.swift */; };
		99D0C80824C5DE79002EEBFA /* LegacyPageHierarchy.swift in Sources */ = {isa = PBXBuildFile; fileRef = 99D0C7ED24C5DE79002EEBFA /* LegacyPageHierarchy.swift */; };
		99D0C80924C5DE79002EEBFA /* Folder.swift in Sources */ = {isa = PBXBuildFile; fileRef = 99D0C7EE24C5DE79002EEBFA /* Folder.swift */; };
		99D0C80A24C5DE79002EEBFA /* FolderContainable.swift in Sources */ = {isa = PBXBuildFile; fileRef = 99D0C7EF24C5DE79002EEBFA /* FolderContainable.swift */; };
		99D0C80B24C5DE79002EEBFA /* Canvas.swift in Sources */ = {isa = PBXBuildFile; fileRef = 99D0C7F024C5DE79002EEBFA /* Canvas.swift */; };
		99D0C80D24C5DE79002EEBFA /* PageLink.swift in Sources */ = {isa = PBXBuildFile; fileRef = 99D0C7F224C5DE79002EEBFA /* PageLink.swift */; };
		99D0C80E24C5DE79002EEBFA /* Canvas+Pages.swift in Sources */ = {isa = PBXBuildFile; fileRef = 99D0C7F324C5DE79002EEBFA /* Canvas+Pages.swift */; };
		99D0C80F24C5DE79002EEBFA /* ModelObjects+Pasteboard.swift in Sources */ = {isa = PBXBuildFile; fileRef = 99D0C7F424C5DE79002EEBFA /* ModelObjects+Pasteboard.swift */; };
		99D0C81024C5DE79002EEBFA /* PageContent.swift in Sources */ = {isa = PBXBuildFile; fileRef = 99D0C7F524C5DE79002EEBFA /* PageContent.swift */; };
		99D0C81124C5DE79002EEBFA /* CanvasPage.swift in Sources */ = {isa = PBXBuildFile; fileRef = 99D0C7F624C5DE79002EEBFA /* CanvasPage.swift */; };
		99D0C81224C5DE79002EEBFA /* Page.swift in Sources */ = {isa = PBXBuildFile; fileRef = 99D0C7F724C5DE79002EEBFA /* Page.swift */; };
		99D0C81324C5DE79002EEBFA /* TextPageContent.swift in Sources */ = {isa = PBXBuildFile; fileRef = 99D0C7F924C5DE79002EEBFA /* TextPageContent.swift */; };
		99D0C81424C5DE79002EEBFA /* ImagePageContent.swift in Sources */ = {isa = PBXBuildFile; fileRef = 99D0C7FA24C5DE79002EEBFA /* ImagePageContent.swift */; };
		99D0C81524C5DE79002EEBFA /* ModelObjects+Defaults.swift in Sources */ = {isa = PBXBuildFile; fileRef = 99D0C7FB24C5DE79002EEBFA /* ModelObjects+Defaults.swift */; };
		99D0C83B24C5DEC9002EEBFA /* XCTestExtensions.swift in Sources */ = {isa = PBXBuildFile; fileRef = 99D0C81624C5DEC8002EEBFA /* XCTestExtensions.swift */; };
		99D0C83C24C5DEC9002EEBFA /* MockPageContent.swift in Sources */ = {isa = PBXBuildFile; fileRef = 99D0C81824C5DEC8002EEBFA /* MockPageContent.swift */; };
		99D0C83D24C5DEC9002EEBFA /* TestLayoutDelegate.swift in Sources */ = {isa = PBXBuildFile; fileRef = 99D0C81924C5DEC8002EEBFA /* TestLayoutDelegate.swift */; };
		99D0C83E24C5DEC9002EEBFA /* MockLayoutEngine.swift in Sources */ = {isa = PBXBuildFile; fileRef = 99D0C81A24C5DEC8002EEBFA /* MockLayoutEngine.swift */; };
		99D0C83F24C5DEC9002EEBFA /* MockDocumentWindowViewModel.swift in Sources */ = {isa = PBXBuildFile; fileRef = 99D0C81B24C5DEC8002EEBFA /* MockDocumentWindowViewModel.swift */; };
		99D0C84024C5DEC9002EEBFA /* MockBubblesModelController.swift in Sources */ = {isa = PBXBuildFile; fileRef = 99D0C81C24C5DEC8002EEBFA /* MockBubblesModelController.swift */; };
		99D0C84124C5DEC9002EEBFA /* MockEventContextFactory.swift in Sources */ = {isa = PBXBuildFile; fileRef = 99D0C81D24C5DEC8002EEBFA /* MockEventContextFactory.swift */; };
		99D0C84224C5DEC9002EEBFA /* Mocking.swift in Sources */ = {isa = PBXBuildFile; fileRef = 99D0C81E24C5DEC8002EEBFA /* Mocking.swift */; };
		99D0C84324C5DEC9002EEBFA /* TestObjects.swift in Sources */ = {isa = PBXBuildFile; fileRef = 99D0C81F24C5DEC8002EEBFA /* TestObjects.swift */; };
		99D0C84C24C5DEC9002EEBFA /* ModelWriterTests.swift in Sources */ = {isa = PBXBuildFile; fileRef = 99D0C82A24C5DEC8002EEBFA /* ModelWriterTests.swift */; };
		99D0C84E24C5DEC9002EEBFA /* PageHierarchyTests.swift in Sources */ = {isa = PBXBuildFile; fileRef = 99D0C82D24C5DEC8002EEBFA /* PageHierarchyTests.swift */; };
		99D0C84F24C5DEC9002EEBFA /* PageContentTests.swift in Sources */ = {isa = PBXBuildFile; fileRef = 99D0C82E24C5DEC8002EEBFA /* PageContentTests.swift */; };
		99D0C85024C5DEC9002EEBFA /* PageLinkTests.swift in Sources */ = {isa = PBXBuildFile; fileRef = 99D0C82F24C5DEC8002EEBFA /* PageLinkTests.swift */; };
		99D0C85124C5DEC9002EEBFA /* FolderTests.swift in Sources */ = {isa = PBXBuildFile; fileRef = 99D0C83024C5DEC8002EEBFA /* FolderTests.swift */; };
		99D0C85224C5DEC9002EEBFA /* ModelObjects+PasteboardTests.swift in Sources */ = {isa = PBXBuildFile; fileRef = 99D0C83124C5DEC8002EEBFA /* ModelObjects+PasteboardTests.swift */; };
		99D0C85324C5DEC9002EEBFA /* CanvasTests.swift in Sources */ = {isa = PBXBuildFile; fileRef = 99D0C83224C5DEC8002EEBFA /* CanvasTests.swift */; };
		99D0C85424C5DEC9002EEBFA /* CanvasPageTests.swift in Sources */ = {isa = PBXBuildFile; fileRef = 99D0C83324C5DEC8002EEBFA /* CanvasPageTests.swift */; };
		99D0C85524C5DEC9002EEBFA /* PageTests.swift in Sources */ = {isa = PBXBuildFile; fileRef = 99D0C83424C5DEC8002EEBFA /* PageTests.swift */; };
		99D0C85624C5DEC9002EEBFA /* TextPageContentsTests.swift in Sources */ = {isa = PBXBuildFile; fileRef = 99D0C83624C5DEC8002EEBFA /* TextPageContentsTests.swift */; };
		99D0C85724C5DEC9002EEBFA /* ImagePageContentsTests.swift in Sources */ = {isa = PBXBuildFile; fileRef = 99D0C83724C5DEC8002EEBFA /* ImagePageContentsTests.swift */; };
		99D0C85824C5DEC9002EEBFA /* ModelObjects+SearchingTests.swift in Sources */ = {isa = PBXBuildFile; fileRef = 99D0C83824C5DEC8002EEBFA /* ModelObjects+SearchingTests.swift */; };
		99D0C85924C5DEC9002EEBFA /* ModelReaderTests.swift in Sources */ = {isa = PBXBuildFile; fileRef = 99D0C83924C5DEC8002EEBFA /* ModelReaderTests.swift */; };
		99D0C86024C5DF0F002EEBFA /* CoppiceModelControllerPageTests.swift in Sources */ = {isa = PBXBuildFile; fileRef = 99D0C85B24C5DF0F002EEBFA /* CoppiceModelControllerPageTests.swift */; };
		99D0C86124C5DF0F002EEBFA /* CoppiceModelControllerTests.swift in Sources */ = {isa = PBXBuildFile; fileRef = 99D0C85C24C5DF0F002EEBFA /* CoppiceModelControllerTests.swift */; };
		99D0C86224C5DF0F002EEBFA /* CoppiceModelControllerFolderTests.swift in Sources */ = {isa = PBXBuildFile; fileRef = 99D0C85D24C5DF0F002EEBFA /* CoppiceModelControllerFolderTests.swift */; };
		99D0C86324C5DF0F002EEBFA /* CoppiceModelControllerCanvasTests.swift in Sources */ = {isa = PBXBuildFile; fileRef = 99D0C85E24C5DF0F002EEBFA /* CoppiceModelControllerCanvasTests.swift */; };
		99D0C86424C5DF0F002EEBFA /* CoppiceModelControllerCanvasPageTests.swift in Sources */ = {isa = PBXBuildFile; fileRef = 99D0C85F24C5DF0F002EEBFA /* CoppiceModelControllerCanvasPageTests.swift */; };
		99D0C86724C5DFBA002EEBFA /* GlobalConstants.swift in Sources */ = {isa = PBXBuildFile; fileRef = 99D0C86624C5DFBA002EEBFA /* GlobalConstants.swift */; };
		99D0C86F24C5E080002EEBFA /* CoppiceUserDefaults.swift in Sources */ = {isa = PBXBuildFile; fileRef = 99D0C86B24C5E080002EEBFA /* CoppiceUserDefaults.swift */; };
		99D0C87024C5E080002EEBFA /* NSImage+M3Extensions.swift in Sources */ = {isa = PBXBuildFile; fileRef = 99D0C86D24C5E080002EEBFA /* NSImage+M3Extensions.swift */; };
		99D0C87124C5E080002EEBFA /* CoreGraphics+M3Extensions.swift in Sources */ = {isa = PBXBuildFile; fileRef = 99D0C86E24C5E080002EEBFA /* CoreGraphics+M3Extensions.swift */; };
		99D0C87324C5E0B2002EEBFA /* NSEdgeInsets+M3Extensions.swift in Sources */ = {isa = PBXBuildFile; fileRef = 99D0C87224C5E0B2002EEBFA /* NSEdgeInsets+M3Extensions.swift */; };
		99D0C87524C5E0E1002EEBFA /* Array+M3Extensions.swift in Sources */ = {isa = PBXBuildFile; fileRef = 99D0C87424C5E0E1002EEBFA /* Array+M3Extensions.swift */; };
		99D0C87A24C5E183002EEBFA /* test-image.png in Resources */ = {isa = PBXBuildFile; fileRef = 99D0C87724C5E183002EEBFA /* test-image.png */; };
		99D0C87B24C5E183002EEBFA /* test-rtf.rtf in Resources */ = {isa = PBXBuildFile; fileRef = 99D0C87824C5E183002EEBFA /* test-rtf.rtf */; };
		99D0C87C24C5E183002EEBFA /* test-zip.zip in Resources */ = {isa = PBXBuildFile; fileRef = 99D0C87924C5E183002EEBFA /* test-zip.zip */; };
		99D0C89C24C5FB95002EEBFA /* LayoutEnginePageTests.swift in Sources */ = {isa = PBXBuildFile; fileRef = 99D0C89024C5FB95002EEBFA /* LayoutEnginePageTests.swift */; };
		99D0C89D24C5FB95002EEBFA /* CanvasLayoutEngineEventContextFactoryTests.swift in Sources */ = {isa = PBXBuildFile; fileRef = 99D0C89124C5FB95002EEBFA /* CanvasLayoutEngineEventContextFactoryTests.swift */; };
		99D0C89E24C5FB95002EEBFA /* CanvasLayoutEngineTests.swift in Sources */ = {isa = PBXBuildFile; fileRef = 99D0C89224C5FB95002EEBFA /* CanvasLayoutEngineTests.swift */; };
		99D0C89F24C5FB95002EEBFA /* ArrowLayoutEngineTests.swift in Sources */ = {isa = PBXBuildFile; fileRef = 99D0C89324C5FB95002EEBFA /* ArrowLayoutEngineTests.swift */; };
		99D0C8A024C5FB95002EEBFA /* LayoutEngineArrowTests.swift in Sources */ = {isa = PBXBuildFile; fileRef = 99D0C89424C5FB95002EEBFA /* LayoutEngineArrowTests.swift */; };
		99D0C8A124C5FB95002EEBFA /* CanvasSelectionEventContextTests.swift in Sources */ = {isa = PBXBuildFile; fileRef = 99D0C89624C5FB95002EEBFA /* CanvasSelectionEventContextTests.swift */; };
		99D0C8A224C5FB95002EEBFA /* EventContextTestBase.swift in Sources */ = {isa = PBXBuildFile; fileRef = 99D0C89724C5FB95002EEBFA /* EventContextTestBase.swift */; };
		99D0C8A324C5FB95002EEBFA /* KeyboardMovePageEventContextTests.swift in Sources */ = {isa = PBXBuildFile; fileRef = 99D0C89824C5FB95002EEBFA /* KeyboardMovePageEventContextTests.swift */; };
		99D0C8A424C5FB95002EEBFA /* ResizePageEventContextTests.swift in Sources */ = {isa = PBXBuildFile; fileRef = 99D0C89924C5FB95002EEBFA /* ResizePageEventContextTests.swift */; };
		99D0C8A524C5FB95002EEBFA /* SelectAndMoveEventContextTests.swift in Sources */ = {isa = PBXBuildFile; fileRef = 99D0C89A24C5FB95002EEBFA /* SelectAndMoveEventContextTests.swift */; };
		99D0C8A624C5FB95002EEBFA /* RemoveItemEventContextTests.swift in Sources */ = {isa = PBXBuildFile; fileRef = 99D0C89B24C5FB95002EEBFA /* RemoveItemEventContextTests.swift */; };
		99D0C8DA24C5FBEA002EEBFA /* CanvasLayoutEngine+Configuration.swift in Sources */ = {isa = PBXBuildFile; fileRef = 99D0C8CD24C5FBEA002EEBFA /* CanvasLayoutEngine+Configuration.swift */; };
		99D0C8DB24C5FBEA002EEBFA /* LayoutEngineEventContextFactory.swift in Sources */ = {isa = PBXBuildFile; fileRef = 99D0C8CE24C5FBEA002EEBFA /* LayoutEngineEventContextFactory.swift */; };
		99D0C8DC24C5FBEA002EEBFA /* LayoutEnginePage.swift in Sources */ = {isa = PBXBuildFile; fileRef = 99D0C8CF24C5FBEA002EEBFA /* LayoutEnginePage.swift */; };
		99D0C8DD24C5FBEA002EEBFA /* LayoutEngineLink.swift in Sources */ = {isa = PBXBuildFile; fileRef = 99D0C8D024C5FBEA002EEBFA /* LayoutEngineLink.swift */; };
		99D0C8DE24C5FBEA002EEBFA /* CanvasLayoutEngine.swift in Sources */ = {isa = PBXBuildFile; fileRef = 99D0C8D124C5FBEA002EEBFA /* CanvasLayoutEngine.swift */; };
		99D0C8DF24C5FBEA002EEBFA /* LinkLayoutEngine.swift in Sources */ = {isa = PBXBuildFile; fileRef = 99D0C8D224C5FBEA002EEBFA /* LinkLayoutEngine.swift */; };
		99D0C8E024C5FBEA002EEBFA /* CanvasSelectionEventContext.swift in Sources */ = {isa = PBXBuildFile; fileRef = 99D0C8D424C5FBEA002EEBFA /* CanvasSelectionEventContext.swift */; };
		99D0C8E124C5FBEA002EEBFA /* KeyboardMovePageEventContext.swift in Sources */ = {isa = PBXBuildFile; fileRef = 99D0C8D524C5FBEA002EEBFA /* KeyboardMovePageEventContext.swift */; };
		99D0C8E224C5FBEA002EEBFA /* CanvasEventContext.swift in Sources */ = {isa = PBXBuildFile; fileRef = 99D0C8D624C5FBEA002EEBFA /* CanvasEventContext.swift */; };
		99D0C8E324C5FBEA002EEBFA /* SelectAndMoveEventContext.swift in Sources */ = {isa = PBXBuildFile; fileRef = 99D0C8D724C5FBEA002EEBFA /* SelectAndMoveEventContext.swift */; };
		99D0C8E424C5FBEA002EEBFA /* RemoveItemEventContext.swift in Sources */ = {isa = PBXBuildFile; fileRef = 99D0C8D824C5FBEA002EEBFA /* RemoveItemEventContext.swift */; };
		99D0C8E524C5FBEA002EEBFA /* ResizePageEventContext.swift in Sources */ = {isa = PBXBuildFile; fileRef = 99D0C8D924C5FBEA002EEBFA /* ResizePageEventContext.swift */; };
		99D0C8EF24C72494002EEBFA /* LayoutEnginePage+CanvasPage.swift in Sources */ = {isa = PBXBuildFile; fileRef = 99D0C8EE24C72494002EEBFA /* LayoutEnginePage+CanvasPage.swift */; };
		99D0C8F124C728C7002EEBFA /* ArrowDrawHelper.swift in Sources */ = {isa = PBXBuildFile; fileRef = 99D0C8F024C728C7002EEBFA /* ArrowDrawHelper.swift */; };
		99E47E2C274BF8DC007D180F /* NSRange+M3ExtensionsTests.swift in Sources */ = {isa = PBXBuildFile; fileRef = 99E47E2B274BF8DC007D180F /* NSRange+M3ExtensionsTests.swift */; };
		99E6DEDA2B3479E0001A0B1C /* NSObject+M3Extensions.swift in Sources */ = {isa = PBXBuildFile; fileRef = 99E6DED92B3479E0001A0B1C /* NSObject+M3Extensions.swift */; };
		99F0D5FC267D30D70020D37C /* NSRange+M3Extensions.swift in Sources */ = {isa = PBXBuildFile; fileRef = 99F0D5FB267D30D70020D37C /* NSRange+M3Extensions.swift */; };
		99F6BD1F27C3D21F00E5AD20 /* ImageHotspot.swift in Sources */ = {isa = PBXBuildFile; fileRef = 99F6BD1E27C3D21F00E5AD20 /* ImageHotspot.swift */; };
		99F6BD2127C3D23F00E5AD20 /* ImageHotspotTests.swift in Sources */ = {isa = PBXBuildFile; fileRef = 99F6BD2027C3D23F00E5AD20 /* ImageHotspotTests.swift */; };
/* End PBXBuildFile section */

/* Begin PBXContainerItemProxy section */
		99D0C76124C5DD1E002EEBFA /* PBXContainerItemProxy */ = {
			isa = PBXContainerItemProxy;
			containerPortal = 99D0C74D24C5DD1E002EEBFA /* Project object */;
			proxyType = 1;
			remoteGlobalIDString = 99D0C75524C5DD1E002EEBFA;
			remoteInfo = CoppiceCore;
		};
/* End PBXContainerItemProxy section */

/* Begin PBXFileReference section */
		99399D0A28F45AA800B0E080 /* MockPageHierarchyRestorer.swift */ = {isa = PBXFileReference; lastKnownFileType = sourcecode.swift; path = MockPageHierarchyRestorer.swift; sourceTree = "<group>"; };
		9946649F2816EE0300A08522 /* CroppedImageCache.swift */ = {isa = PBXFileReference; lastKnownFileType = sourcecode.swift; path = CroppedImageCache.swift; sourceTree = "<group>"; };
		9948C0CE2896B78C00DB754E /* TestData.Plist.V2.swift */ = {isa = PBXFileReference; lastKnownFileType = sourcecode.swift; path = TestData.Plist.V2.swift; sourceTree = "<group>"; };
		9948C0D02896B79B00DB754E /* TestData.swift */ = {isa = PBXFileReference; lastKnownFileType = sourcecode.swift; path = TestData.swift; sourceTree = "<group>"; };
		9948C0D32896BA2F00DB754E /* PlistV2.swift */ = {isa = PBXFileReference; lastKnownFileType = sourcecode.swift; path = PlistV2.swift; sourceTree = "<group>"; };
		9948C0D52896BA6900DB754E /* PlistV3.swift */ = {isa = PBXFileReference; lastKnownFileType = sourcecode.swift; path = PlistV3.swift; sourceTree = "<group>"; };
		9948C0D72896BA8700DB754E /* Plist.swift */ = {isa = PBXFileReference; lastKnownFileType = sourcecode.swift; path = Plist.swift; sourceTree = "<group>"; };
		9948C0DA2897F98E00DB754E /* PlistV2Tests.swift */ = {isa = PBXFileReference; lastKnownFileType = sourcecode.swift; path = PlistV2Tests.swift; sourceTree = "<group>"; };
		9948C0DC289801D800DB754E /* PlistV3Tests.swift */ = {isa = PBXFileReference; lastKnownFileType = sourcecode.swift; path = PlistV3Tests.swift; sourceTree = "<group>"; };
		9948C0DE2898040A00DB754E /* TestData.Plist.V3.swift */ = {isa = PBXFileReference; lastKnownFileType = sourcecode.swift; path = TestData.Plist.V3.swift; sourceTree = "<group>"; };
		9948C0E02898298600DB754E /* TestData.ModelController.swift */ = {isa = PBXFileReference; lastKnownFileType = sourcecode.swift; path = TestData.ModelController.swift; sourceTree = "<group>"; };
		994E570328D74E7F0063E1D6 /* StandardHoverEventContext.swift */ = {isa = PBXFileReference; lastKnownFileType = sourcecode.swift; path = StandardHoverEventContext.swift; sourceTree = "<group>"; };
		9955BD3428BA65E30040FEE9 /* NSBezierPath+M3Extensions.swift */ = {isa = PBXFileReference; lastKnownFileType = sourcecode.swift; path = "NSBezierPath+M3Extensions.swift"; sourceTree = "<group>"; };
		9969905828D88C6D002A7372 /* CreateLinkHoverEventContext.swift */ = {isa = PBXFileReference; lastKnownFileType = sourcecode.swift; path = CreateLinkHoverEventContext.swift; sourceTree = "<group>"; };
		9969905A28D8B5FF002A7372 /* CreateLinkMouseEventContext.swift */ = {isa = PBXFileReference; lastKnownFileType = sourcecode.swift; path = CreateLinkMouseEventContext.swift; sourceTree = "<group>"; };
		9979B90728E0847A00E1CDC4 /* CreateLinkKeyEventContext.swift */ = {isa = PBXFileReference; lastKnownFileType = sourcecode.swift; path = CreateLinkKeyEventContext.swift; sourceTree = "<group>"; };
		997ABC472882E96E00A75722 /* CanvasLink.swift */ = {isa = PBXFileReference; lastKnownFileType = sourcecode.swift; path = CanvasLink.swift; sourceTree = "<group>"; };
		997EA3D328E1D4E900C6542C /* NSAttributedString+M3Extensions.swift */ = {isa = PBXFileReference; lastKnownFileType = sourcecode.swift; path = "NSAttributedString+M3Extensions.swift"; sourceTree = "<group>"; };
		9991FE2528C4E20200946746 /* SelectLinkEventContext.swift */ = {isa = PBXFileReference; lastKnownFileType = sourcecode.swift; path = SelectLinkEventContext.swift; sourceTree = "<group>"; };
		99983E70278C9D660020759D /* MockLayoutEnginePageView.swift */ = {isa = PBXFileReference; lastKnownFileType = sourcecode.swift; path = MockLayoutEnginePageView.swift; sourceTree = "<group>"; };
		9999788828AA8699002930FD /* PageHierarchy.swift */ = {isa = PBXFileReference; lastKnownFileType = sourcecode.swift; path = PageHierarchy.swift; sourceTree = "<group>"; };
		99AB31522906BDB900BD0C74 /* MockPageHierarchyBuilder.swift */ = {isa = PBXFileReference; lastKnownFileType = sourcecode.swift; path = MockPageHierarchyBuilder.swift; sourceTree = "<group>"; };
		99B04A0D28F1CEFC00B657DE /* StandardHoverEventContextTests.swift */ = {isa = PBXFileReference; lastKnownFileType = sourcecode.swift; path = StandardHoverEventContextTests.swift; sourceTree = "<group>"; };
		99B04A0F28F1E3F800B657DE /* CreateLinkHoverEventContextTests.swift */ = {isa = PBXFileReference; lastKnownFileType = sourcecode.swift; path = CreateLinkHoverEventContextTests.swift; sourceTree = "<group>"; };
		99B04A1128F1E60300B657DE /* PageHierarchyBuilderTests.swift */ = {isa = PBXFileReference; lastKnownFileType = sourcecode.swift; path = PageHierarchyBuilderTests.swift; sourceTree = "<group>"; };
		99B04A1328F1E61C00B657DE /* PageHierarchyRestorerTests.swift */ = {isa = PBXFileReference; lastKnownFileType = sourcecode.swift; path = PageHierarchyRestorerTests.swift; sourceTree = "<group>"; };
		99BC4351256C15F200BBB0EA /* Array+M3ExtensionsTests.swift */ = {isa = PBXFileReference; lastKnownFileType = sourcecode.swift; path = "Array+M3ExtensionsTests.swift"; sourceTree = "<group>"; };
		99BC4374256C168000BBB0EA /* CoreGraphics+M3ExtensionsTests.swift */ = {isa = PBXFileReference; fileEncoding = 4; lastKnownFileType = sourcecode.swift; path = "CoreGraphics+M3ExtensionsTests.swift"; sourceTree = "<group>"; };
		99BC437A256C22E800BBB0EA /* ModelObjects+Misc.swift */ = {isa = PBXFileReference; lastKnownFileType = sourcecode.swift; path = "ModelObjects+Misc.swift"; sourceTree = "<group>"; };
		99BC438A256C241D00BBB0EA /* ModelObjects+MiscTests.swift */ = {isa = PBXFileReference; lastKnownFileType = sourcecode.swift; path = "ModelObjects+MiscTests.swift"; sourceTree = "<group>"; };
		99C0BA9828B11D9D00F42AD9 /* PageHierarchyBuilder.swift */ = {isa = PBXFileReference; lastKnownFileType = sourcecode.swift; path = PageHierarchyBuilder.swift; sourceTree = "<group>"; };
		99C0BA9A28B265F500F42AD9 /* PageHierarchyRestorer.swift */ = {isa = PBXFileReference; lastKnownFileType = sourcecode.swift; path = PageHierarchyRestorer.swift; sourceTree = "<group>"; };
		99C88C7A28A13B68006791CB /* Set+M3Extensions.swift */ = {isa = PBXFileReference; lastKnownFileType = sourcecode.swift; path = "Set+M3Extensions.swift"; sourceTree = "<group>"; };
		99C88C7C28A1419C006791CB /* LayoutEngineLink+CanvasLink.swift */ = {isa = PBXFileReference; lastKnownFileType = sourcecode.swift; path = "LayoutEngineLink+CanvasLink.swift"; sourceTree = "<group>"; };
		99D0C75624C5DD1E002EEBFA /* CoppiceCore.framework */ = {isa = PBXFileReference; explicitFileType = wrapper.framework; includeInIndex = 0; path = CoppiceCore.framework; sourceTree = BUILT_PRODUCTS_DIR; };
		99D0C75924C5DD1E002EEBFA /* CoppiceCore.h */ = {isa = PBXFileReference; lastKnownFileType = sourcecode.c.h; path = CoppiceCore.h; sourceTree = "<group>"; };
		99D0C75A24C5DD1E002EEBFA /* Info.plist */ = {isa = PBXFileReference; lastKnownFileType = text.plist.xml; path = Info.plist; sourceTree = "<group>"; };
		99D0C75F24C5DD1E002EEBFA /* CoppiceCoreTests.xctest */ = {isa = PBXFileReference; explicitFileType = wrapper.cfbundle; includeInIndex = 0; path = CoppiceCoreTests.xctest; sourceTree = BUILT_PRODUCTS_DIR; };
		99D0C76624C5DD1E002EEBFA /* Info.plist */ = {isa = PBXFileReference; lastKnownFileType = text.plist.xml; path = Info.plist; sourceTree = "<group>"; };
		99D0C7DF24C5DE79002EEBFA /* CoppiceModelController.swift */ = {isa = PBXFileReference; fileEncoding = 4; lastKnownFileType = sourcecode.swift; path = CoppiceModelController.swift; sourceTree = "<group>"; };
		99D0C7E024C5DE79002EEBFA /* ModelPlist.swift */ = {isa = PBXFileReference; fileEncoding = 4; lastKnownFileType = sourcecode.swift; path = ModelPlist.swift; sourceTree = "<group>"; };
		99D0C7E924C5DE79002EEBFA /* ModelReader.swift */ = {isa = PBXFileReference; fileEncoding = 4; lastKnownFileType = sourcecode.swift; path = ModelReader.swift; sourceTree = "<group>"; };
		99D0C7EA24C5DE79002EEBFA /* ModelWriter.swift */ = {isa = PBXFileReference; fileEncoding = 4; lastKnownFileType = sourcecode.swift; path = ModelWriter.swift; sourceTree = "<group>"; };
		99D0C7EC24C5DE79002EEBFA /* ModelObjects+Searching.swift */ = {isa = PBXFileReference; fileEncoding = 4; lastKnownFileType = sourcecode.swift; path = "ModelObjects+Searching.swift"; sourceTree = "<group>"; };
		99D0C7ED24C5DE79002EEBFA /* LegacyPageHierarchy.swift */ = {isa = PBXFileReference; fileEncoding = 4; lastKnownFileType = sourcecode.swift; path = LegacyPageHierarchy.swift; sourceTree = "<group>"; };
		99D0C7EE24C5DE79002EEBFA /* Folder.swift */ = {isa = PBXFileReference; fileEncoding = 4; lastKnownFileType = sourcecode.swift; path = Folder.swift; sourceTree = "<group>"; };
		99D0C7EF24C5DE79002EEBFA /* FolderContainable.swift */ = {isa = PBXFileReference; fileEncoding = 4; lastKnownFileType = sourcecode.swift; path = FolderContainable.swift; sourceTree = "<group>"; };
		99D0C7F024C5DE79002EEBFA /* Canvas.swift */ = {isa = PBXFileReference; fileEncoding = 4; lastKnownFileType = sourcecode.swift; path = Canvas.swift; sourceTree = "<group>"; };
		99D0C7F224C5DE79002EEBFA /* PageLink.swift */ = {isa = PBXFileReference; fileEncoding = 4; lastKnownFileType = sourcecode.swift; path = PageLink.swift; sourceTree = "<group>"; };
		99D0C7F324C5DE79002EEBFA /* Canvas+Pages.swift */ = {isa = PBXFileReference; fileEncoding = 4; lastKnownFileType = sourcecode.swift; path = "Canvas+Pages.swift"; sourceTree = "<group>"; };
		99D0C7F424C5DE79002EEBFA /* ModelObjects+Pasteboard.swift */ = {isa = PBXFileReference; fileEncoding = 4; lastKnownFileType = sourcecode.swift; path = "ModelObjects+Pasteboard.swift"; sourceTree = "<group>"; };
		99D0C7F524C5DE79002EEBFA /* PageContent.swift */ = {isa = PBXFileReference; fileEncoding = 4; lastKnownFileType = sourcecode.swift; path = PageContent.swift; sourceTree = "<group>"; };
		99D0C7F624C5DE79002EEBFA /* CanvasPage.swift */ = {isa = PBXFileReference; fileEncoding = 4; lastKnownFileType = sourcecode.swift; path = CanvasPage.swift; sourceTree = "<group>"; };
		99D0C7F724C5DE79002EEBFA /* Page.swift */ = {isa = PBXFileReference; fileEncoding = 4; lastKnownFileType = sourcecode.swift; path = Page.swift; sourceTree = "<group>"; };
		99D0C7F924C5DE79002EEBFA /* TextPageContent.swift */ = {isa = PBXFileReference; fileEncoding = 4; lastKnownFileType = sourcecode.swift; path = TextPageContent.swift; sourceTree = "<group>"; };
		99D0C7FA24C5DE79002EEBFA /* ImagePageContent.swift */ = {isa = PBXFileReference; fileEncoding = 4; lastKnownFileType = sourcecode.swift; path = ImagePageContent.swift; sourceTree = "<group>"; };
		99D0C7FB24C5DE79002EEBFA /* ModelObjects+Defaults.swift */ = {isa = PBXFileReference; fileEncoding = 4; lastKnownFileType = sourcecode.swift; path = "ModelObjects+Defaults.swift"; sourceTree = "<group>"; };
		99D0C81624C5DEC8002EEBFA /* XCTestExtensions.swift */ = {isa = PBXFileReference; fileEncoding = 4; lastKnownFileType = sourcecode.swift; path = XCTestExtensions.swift; sourceTree = "<group>"; };
		99D0C81824C5DEC8002EEBFA /* MockPageContent.swift */ = {isa = PBXFileReference; fileEncoding = 4; lastKnownFileType = sourcecode.swift; path = MockPageContent.swift; sourceTree = "<group>"; };
		99D0C81924C5DEC8002EEBFA /* TestLayoutDelegate.swift */ = {isa = PBXFileReference; fileEncoding = 4; lastKnownFileType = sourcecode.swift; path = TestLayoutDelegate.swift; sourceTree = "<group>"; };
		99D0C81A24C5DEC8002EEBFA /* MockLayoutEngine.swift */ = {isa = PBXFileReference; fileEncoding = 4; lastKnownFileType = sourcecode.swift; path = MockLayoutEngine.swift; sourceTree = "<group>"; };
		99D0C81B24C5DEC8002EEBFA /* MockDocumentWindowViewModel.swift */ = {isa = PBXFileReference; fileEncoding = 4; lastKnownFileType = sourcecode.swift; path = MockDocumentWindowViewModel.swift; sourceTree = "<group>"; };
		99D0C81C24C5DEC8002EEBFA /* MockBubblesModelController.swift */ = {isa = PBXFileReference; fileEncoding = 4; lastKnownFileType = sourcecode.swift; path = MockBubblesModelController.swift; sourceTree = "<group>"; };
		99D0C81D24C5DEC8002EEBFA /* MockEventContextFactory.swift */ = {isa = PBXFileReference; fileEncoding = 4; lastKnownFileType = sourcecode.swift; path = MockEventContextFactory.swift; sourceTree = "<group>"; };
		99D0C81E24C5DEC8002EEBFA /* Mocking.swift */ = {isa = PBXFileReference; fileEncoding = 4; lastKnownFileType = sourcecode.swift; path = Mocking.swift; sourceTree = "<group>"; };
		99D0C81F24C5DEC8002EEBFA /* TestObjects.swift */ = {isa = PBXFileReference; fileEncoding = 4; lastKnownFileType = sourcecode.swift; path = TestObjects.swift; sourceTree = "<group>"; };
		99D0C82A24C5DEC8002EEBFA /* ModelWriterTests.swift */ = {isa = PBXFileReference; fileEncoding = 4; lastKnownFileType = sourcecode.swift; path = ModelWriterTests.swift; sourceTree = "<group>"; };
		99D0C82D24C5DEC8002EEBFA /* PageHierarchyTests.swift */ = {isa = PBXFileReference; fileEncoding = 4; lastKnownFileType = sourcecode.swift; path = PageHierarchyTests.swift; sourceTree = "<group>"; };
		99D0C82E24C5DEC8002EEBFA /* PageContentTests.swift */ = {isa = PBXFileReference; fileEncoding = 4; lastKnownFileType = sourcecode.swift; path = PageContentTests.swift; sourceTree = "<group>"; };
		99D0C82F24C5DEC8002EEBFA /* PageLinkTests.swift */ = {isa = PBXFileReference; fileEncoding = 4; lastKnownFileType = sourcecode.swift; path = PageLinkTests.swift; sourceTree = "<group>"; };
		99D0C83024C5DEC8002EEBFA /* FolderTests.swift */ = {isa = PBXFileReference; fileEncoding = 4; lastKnownFileType = sourcecode.swift; path = FolderTests.swift; sourceTree = "<group>"; };
		99D0C83124C5DEC8002EEBFA /* ModelObjects+PasteboardTests.swift */ = {isa = PBXFileReference; fileEncoding = 4; lastKnownFileType = sourcecode.swift; path = "ModelObjects+PasteboardTests.swift"; sourceTree = "<group>"; };
		99D0C83224C5DEC8002EEBFA /* CanvasTests.swift */ = {isa = PBXFileReference; fileEncoding = 4; lastKnownFileType = sourcecode.swift; path = CanvasTests.swift; sourceTree = "<group>"; };
		99D0C83324C5DEC8002EEBFA /* CanvasPageTests.swift */ = {isa = PBXFileReference; fileEncoding = 4; lastKnownFileType = sourcecode.swift; path = CanvasPageTests.swift; sourceTree = "<group>"; };
		99D0C83424C5DEC8002EEBFA /* PageTests.swift */ = {isa = PBXFileReference; fileEncoding = 4; lastKnownFileType = sourcecode.swift; path = PageTests.swift; sourceTree = "<group>"; };
		99D0C83624C5DEC8002EEBFA /* TextPageContentsTests.swift */ = {isa = PBXFileReference; fileEncoding = 4; lastKnownFileType = sourcecode.swift; path = TextPageContentsTests.swift; sourceTree = "<group>"; };
		99D0C83724C5DEC8002EEBFA /* ImagePageContentsTests.swift */ = {isa = PBXFileReference; fileEncoding = 4; lastKnownFileType = sourcecode.swift; path = ImagePageContentsTests.swift; sourceTree = "<group>"; };
		99D0C83824C5DEC8002EEBFA /* ModelObjects+SearchingTests.swift */ = {isa = PBXFileReference; fileEncoding = 4; lastKnownFileType = sourcecode.swift; path = "ModelObjects+SearchingTests.swift"; sourceTree = "<group>"; };
		99D0C83924C5DEC8002EEBFA /* ModelReaderTests.swift */ = {isa = PBXFileReference; fileEncoding = 4; lastKnownFileType = sourcecode.swift; path = ModelReaderTests.swift; sourceTree = "<group>"; };
		99D0C85B24C5DF0F002EEBFA /* CoppiceModelControllerPageTests.swift */ = {isa = PBXFileReference; fileEncoding = 4; lastKnownFileType = sourcecode.swift; path = CoppiceModelControllerPageTests.swift; sourceTree = "<group>"; };
		99D0C85C24C5DF0F002EEBFA /* CoppiceModelControllerTests.swift */ = {isa = PBXFileReference; fileEncoding = 4; lastKnownFileType = sourcecode.swift; path = CoppiceModelControllerTests.swift; sourceTree = "<group>"; };
		99D0C85D24C5DF0F002EEBFA /* CoppiceModelControllerFolderTests.swift */ = {isa = PBXFileReference; fileEncoding = 4; lastKnownFileType = sourcecode.swift; path = CoppiceModelControllerFolderTests.swift; sourceTree = "<group>"; };
		99D0C85E24C5DF0F002EEBFA /* CoppiceModelControllerCanvasTests.swift */ = {isa = PBXFileReference; fileEncoding = 4; lastKnownFileType = sourcecode.swift; path = CoppiceModelControllerCanvasTests.swift; sourceTree = "<group>"; };
		99D0C85F24C5DF0F002EEBFA /* CoppiceModelControllerCanvasPageTests.swift */ = {isa = PBXFileReference; fileEncoding = 4; lastKnownFileType = sourcecode.swift; path = CoppiceModelControllerCanvasPageTests.swift; sourceTree = "<group>"; };
		99D0C86524C5DF1B002EEBFA /* CoppiceCore.xctestplan */ = {isa = PBXFileReference; lastKnownFileType = text; path = CoppiceCore.xctestplan; sourceTree = "<group>"; };
		99D0C86624C5DFBA002EEBFA /* GlobalConstants.swift */ = {isa = PBXFileReference; lastKnownFileType = sourcecode.swift; path = GlobalConstants.swift; sourceTree = "<group>"; };
		99D0C86B24C5E080002EEBFA /* CoppiceUserDefaults.swift */ = {isa = PBXFileReference; fileEncoding = 4; lastKnownFileType = sourcecode.swift; path = CoppiceUserDefaults.swift; sourceTree = "<group>"; };
		99D0C86D24C5E080002EEBFA /* NSImage+M3Extensions.swift */ = {isa = PBXFileReference; fileEncoding = 4; lastKnownFileType = sourcecode.swift; path = "NSImage+M3Extensions.swift"; sourceTree = "<group>"; };
		99D0C86E24C5E080002EEBFA /* CoreGraphics+M3Extensions.swift */ = {isa = PBXFileReference; fileEncoding = 4; lastKnownFileType = sourcecode.swift; path = "CoreGraphics+M3Extensions.swift"; sourceTree = "<group>"; };
		99D0C87224C5E0B2002EEBFA /* NSEdgeInsets+M3Extensions.swift */ = {isa = PBXFileReference; fileEncoding = 4; lastKnownFileType = sourcecode.swift; path = "NSEdgeInsets+M3Extensions.swift"; sourceTree = "<group>"; };
		99D0C87424C5E0E1002EEBFA /* Array+M3Extensions.swift */ = {isa = PBXFileReference; fileEncoding = 4; lastKnownFileType = sourcecode.swift; path = "Array+M3Extensions.swift"; sourceTree = "<group>"; };
		99D0C87724C5E183002EEBFA /* test-image.png */ = {isa = PBXFileReference; lastKnownFileType = image.png; path = "test-image.png"; sourceTree = "<group>"; };
		99D0C87824C5E183002EEBFA /* test-rtf.rtf */ = {isa = PBXFileReference; fileEncoding = 4; lastKnownFileType = text.rtf; path = "test-rtf.rtf"; sourceTree = "<group>"; };
		99D0C87924C5E183002EEBFA /* test-zip.zip */ = {isa = PBXFileReference; lastKnownFileType = archive.zip; path = "test-zip.zip"; sourceTree = "<group>"; };
		99D0C89024C5FB95002EEBFA /* LayoutEnginePageTests.swift */ = {isa = PBXFileReference; fileEncoding = 4; lastKnownFileType = sourcecode.swift; path = LayoutEnginePageTests.swift; sourceTree = "<group>"; };
		99D0C89124C5FB95002EEBFA /* CanvasLayoutEngineEventContextFactoryTests.swift */ = {isa = PBXFileReference; fileEncoding = 4; lastKnownFileType = sourcecode.swift; path = CanvasLayoutEngineEventContextFactoryTests.swift; sourceTree = "<group>"; };
		99D0C89224C5FB95002EEBFA /* CanvasLayoutEngineTests.swift */ = {isa = PBXFileReference; fileEncoding = 4; lastKnownFileType = sourcecode.swift; path = CanvasLayoutEngineTests.swift; sourceTree = "<group>"; };
		99D0C89324C5FB95002EEBFA /* ArrowLayoutEngineTests.swift */ = {isa = PBXFileReference; fileEncoding = 4; lastKnownFileType = sourcecode.swift; path = ArrowLayoutEngineTests.swift; sourceTree = "<group>"; };
		99D0C89424C5FB95002EEBFA /* LayoutEngineArrowTests.swift */ = {isa = PBXFileReference; fileEncoding = 4; lastKnownFileType = sourcecode.swift; path = LayoutEngineArrowTests.swift; sourceTree = "<group>"; };
		99D0C89624C5FB95002EEBFA /* CanvasSelectionEventContextTests.swift */ = {isa = PBXFileReference; fileEncoding = 4; lastKnownFileType = sourcecode.swift; path = CanvasSelectionEventContextTests.swift; sourceTree = "<group>"; };
		99D0C89724C5FB95002EEBFA /* EventContextTestBase.swift */ = {isa = PBXFileReference; fileEncoding = 4; lastKnownFileType = sourcecode.swift; path = EventContextTestBase.swift; sourceTree = "<group>"; };
		99D0C89824C5FB95002EEBFA /* KeyboardMovePageEventContextTests.swift */ = {isa = PBXFileReference; fileEncoding = 4; lastKnownFileType = sourcecode.swift; path = KeyboardMovePageEventContextTests.swift; sourceTree = "<group>"; };
		99D0C89924C5FB95002EEBFA /* ResizePageEventContextTests.swift */ = {isa = PBXFileReference; fileEncoding = 4; lastKnownFileType = sourcecode.swift; path = ResizePageEventContextTests.swift; sourceTree = "<group>"; };
		99D0C89A24C5FB95002EEBFA /* SelectAndMoveEventContextTests.swift */ = {isa = PBXFileReference; fileEncoding = 4; lastKnownFileType = sourcecode.swift; path = SelectAndMoveEventContextTests.swift; sourceTree = "<group>"; };
		99D0C89B24C5FB95002EEBFA /* RemoveItemEventContextTests.swift */ = {isa = PBXFileReference; fileEncoding = 4; lastKnownFileType = sourcecode.swift; path = RemoveItemEventContextTests.swift; sourceTree = "<group>"; };
		99D0C8CD24C5FBEA002EEBFA /* CanvasLayoutEngine+Configuration.swift */ = {isa = PBXFileReference; fileEncoding = 4; lastKnownFileType = sourcecode.swift; path = "CanvasLayoutEngine+Configuration.swift"; sourceTree = "<group>"; };
		99D0C8CE24C5FBEA002EEBFA /* LayoutEngineEventContextFactory.swift */ = {isa = PBXFileReference; fileEncoding = 4; lastKnownFileType = sourcecode.swift; path = LayoutEngineEventContextFactory.swift; sourceTree = "<group>"; };
		99D0C8CF24C5FBEA002EEBFA /* LayoutEnginePage.swift */ = {isa = PBXFileReference; fileEncoding = 4; lastKnownFileType = sourcecode.swift; path = LayoutEnginePage.swift; sourceTree = "<group>"; };
		99D0C8D024C5FBEA002EEBFA /* LayoutEngineLink.swift */ = {isa = PBXFileReference; fileEncoding = 4; lastKnownFileType = sourcecode.swift; path = LayoutEngineLink.swift; sourceTree = "<group>"; };
		99D0C8D124C5FBEA002EEBFA /* CanvasLayoutEngine.swift */ = {isa = PBXFileReference; fileEncoding = 4; lastKnownFileType = sourcecode.swift; path = CanvasLayoutEngine.swift; sourceTree = "<group>"; };
		99D0C8D224C5FBEA002EEBFA /* LinkLayoutEngine.swift */ = {isa = PBXFileReference; fileEncoding = 4; lastKnownFileType = sourcecode.swift; path = LinkLayoutEngine.swift; sourceTree = "<group>"; };
		99D0C8D424C5FBEA002EEBFA /* CanvasSelectionEventContext.swift */ = {isa = PBXFileReference; fileEncoding = 4; lastKnownFileType = sourcecode.swift; path = CanvasSelectionEventContext.swift; sourceTree = "<group>"; };
		99D0C8D524C5FBEA002EEBFA /* KeyboardMovePageEventContext.swift */ = {isa = PBXFileReference; fileEncoding = 4; lastKnownFileType = sourcecode.swift; path = KeyboardMovePageEventContext.swift; sourceTree = "<group>"; };
		99D0C8D624C5FBEA002EEBFA /* CanvasEventContext.swift */ = {isa = PBXFileReference; fileEncoding = 4; lastKnownFileType = sourcecode.swift; path = CanvasEventContext.swift; sourceTree = "<group>"; };
		99D0C8D724C5FBEA002EEBFA /* SelectAndMoveEventContext.swift */ = {isa = PBXFileReference; fileEncoding = 4; lastKnownFileType = sourcecode.swift; path = SelectAndMoveEventContext.swift; sourceTree = "<group>"; };
		99D0C8D824C5FBEA002EEBFA /* RemoveItemEventContext.swift */ = {isa = PBXFileReference; fileEncoding = 4; lastKnownFileType = sourcecode.swift; path = RemoveItemEventContext.swift; sourceTree = "<group>"; };
		99D0C8D924C5FBEA002EEBFA /* ResizePageEventContext.swift */ = {isa = PBXFileReference; fileEncoding = 4; lastKnownFileType = sourcecode.swift; path = ResizePageEventContext.swift; sourceTree = "<group>"; };
		99D0C8EE24C72494002EEBFA /* LayoutEnginePage+CanvasPage.swift */ = {isa = PBXFileReference; lastKnownFileType = sourcecode.swift; path = "LayoutEnginePage+CanvasPage.swift"; sourceTree = "<group>"; };
		99D0C8F024C728C7002EEBFA /* ArrowDrawHelper.swift */ = {isa = PBXFileReference; lastKnownFileType = sourcecode.swift; path = ArrowDrawHelper.swift; sourceTree = "<group>"; };
		99E47E2B274BF8DC007D180F /* NSRange+M3ExtensionsTests.swift */ = {isa = PBXFileReference; lastKnownFileType = sourcecode.swift; path = "NSRange+M3ExtensionsTests.swift"; sourceTree = "<group>"; };
		99E6DED92B3479E0001A0B1C /* NSObject+M3Extensions.swift */ = {isa = PBXFileReference; lastKnownFileType = sourcecode.swift; path = "NSObject+M3Extensions.swift"; sourceTree = "<group>"; };
		99F0D5FB267D30D70020D37C /* NSRange+M3Extensions.swift */ = {isa = PBXFileReference; lastKnownFileType = sourcecode.swift; path = "NSRange+M3Extensions.swift"; sourceTree = "<group>"; };
		99F6BD1E27C3D21F00E5AD20 /* ImageHotspot.swift */ = {isa = PBXFileReference; lastKnownFileType = sourcecode.swift; path = ImageHotspot.swift; sourceTree = "<group>"; };
		99F6BD2027C3D23F00E5AD20 /* ImageHotspotTests.swift */ = {isa = PBXFileReference; lastKnownFileType = sourcecode.swift; path = ImageHotspotTests.swift; sourceTree = "<group>"; };
/* End PBXFileReference section */

/* Begin PBXFrameworksBuildPhase section */
		99D0C75324C5DD1E002EEBFA /* Frameworks */ = {
			isa = PBXFrameworksBuildPhase;
			buildActionMask = 2147483647;
			files = (
				99248D212B3497DE0059546E /* M3Data in Frameworks */,
			);
			runOnlyForDeploymentPostprocessing = 0;
		};
		99D0C75C24C5DD1E002EEBFA /* Frameworks */ = {
			isa = PBXFrameworksBuildPhase;
			buildActionMask = 2147483647;
			files = (
				99D0C76024C5DD1E002EEBFA /* CoppiceCore.framework in Frameworks */,
			);
			runOnlyForDeploymentPostprocessing = 0;
		};
/* End PBXFrameworksBuildPhase section */

/* Begin PBXGroup section */
		9948C0CD2896B78100DB754E /* Test Data */ = {
			isa = PBXGroup;
			children = (
				9948C0D02896B79B00DB754E /* TestData.swift */,
				9948C0E02898298600DB754E /* TestData.ModelController.swift */,
				9948C0CE2896B78C00DB754E /* TestData.Plist.V2.swift */,
				9948C0DE2898040A00DB754E /* TestData.Plist.V3.swift */,
			);
			path = "Test Data";
			sourceTree = "<group>";
		};
		9948C0D22896BA2300DB754E /* Plists */ = {
			isa = PBXGroup;
			children = (
				9948C0D72896BA8700DB754E /* Plist.swift */,
				9948C0D32896BA2F00DB754E /* PlistV2.swift */,
				9948C0D52896BA6900DB754E /* PlistV3.swift */,
			);
			path = Plists;
			sourceTree = "<group>";
		};
		9948C0D92897F95700DB754E /* Plists */ = {
			isa = PBXGroup;
			children = (
				9948C0DA2897F98E00DB754E /* PlistV2Tests.swift */,
				9948C0DC289801D800DB754E /* PlistV3Tests.swift */,
			);
			path = Plists;
			sourceTree = "<group>";
		};
		99BC435A256C160A00BBB0EA /* Extensions */ = {
			isa = PBXGroup;
			children = (
				99BC4374256C168000BBB0EA /* CoreGraphics+M3ExtensionsTests.swift */,
				99BC4351256C15F200BBB0EA /* Array+M3ExtensionsTests.swift */,
				99E47E2B274BF8DC007D180F /* NSRange+M3ExtensionsTests.swift */,
			);
			path = Extensions;
			sourceTree = "<group>";
		};
		99CC5B8327F1F28E0084ADFF /* Frameworks */ = {
			isa = PBXGroup;
			children = (
			);
			name = Frameworks;
			sourceTree = "<group>";
		};
		99D0C74C24C5DD1E002EEBFA = {
			isa = PBXGroup;
			children = (
				99D0C86524C5DF1B002EEBFA /* CoppiceCore.xctestplan */,
				99D0C75824C5DD1E002EEBFA /* CoppiceCore */,
				99D0C76324C5DD1E002EEBFA /* CoppiceCoreTests */,
				99D0C75724C5DD1E002EEBFA /* Products */,
				99CC5B8327F1F28E0084ADFF /* Frameworks */,
			);
			sourceTree = "<group>";
			usesTabs = 0;
		};
		99D0C75724C5DD1E002EEBFA /* Products */ = {
			isa = PBXGroup;
			children = (
				99D0C75624C5DD1E002EEBFA /* CoppiceCore.framework */,
				99D0C75F24C5DD1E002EEBFA /* CoppiceCoreTests.xctest */,
			);
			name = Products;
			sourceTree = "<group>";
		};
		99D0C75824C5DD1E002EEBFA /* CoppiceCore */ = {
			isa = PBXGroup;
			children = (
				99D0C75924C5DD1E002EEBFA /* CoppiceCore.h */,
				99D0C86624C5DFBA002EEBFA /* GlobalConstants.swift */,
				99D0C86B24C5E080002EEBFA /* CoppiceUserDefaults.swift */,
				99D0C8F024C728C7002EEBFA /* ArrowDrawHelper.swift */,
				99D0C86C24C5E080002EEBFA /* Extensions */,
				99D0C77024C5DDEE002EEBFA /* Model */,
				99D0C8CC24C5FBEA002EEBFA /* Layout Engine */,
				99D0C75A24C5DD1E002EEBFA /* Info.plist */,
			);
			path = CoppiceCore;
			sourceTree = "<group>";
		};
		99D0C76324C5DD1E002EEBFA /* CoppiceCoreTests */ = {
			isa = PBXGroup;
			children = (
				99D0C81E24C5DEC8002EEBFA /* Mocking.swift */,
				99D0C81F24C5DEC8002EEBFA /* TestObjects.swift */,
				99D0C81624C5DEC8002EEBFA /* XCTestExtensions.swift */,
				99BC435A256C160A00BBB0EA /* Extensions */,
				99D0C81724C5DEC8002EEBFA /* Helpers */,
				99D0C82024C5DEC8002EEBFA /* Model */,
				99D0C88E24C5FB2F002EEBFA /* Layout Engine */,
				99D0C76624C5DD1E002EEBFA /* Info.plist */,
				99D0C87624C5E183002EEBFA /* Resources */,
			);
			path = CoppiceCoreTests;
			sourceTree = "<group>";
		};
		99D0C77024C5DDEE002EEBFA /* Model */ = {
			isa = PBXGroup;
			children = (
				99D0C7DF24C5DE79002EEBFA /* CoppiceModelController.swift */,
				9946649F2816EE0300A08522 /* CroppedImageCache.swift */,
				99D0C7EB24C5DE79002EEBFA /* Model Objects */,
				99D0C7E024C5DE79002EEBFA /* ModelPlist.swift */,
				9948C0D22896BA2300DB754E /* Plists */,
				99D0C7E924C5DE79002EEBFA /* ModelReader.swift */,
				99D0C7EA24C5DE79002EEBFA /* ModelWriter.swift */,
			);
			path = Model;
			sourceTree = "<group>";
		};
		99D0C7EB24C5DE79002EEBFA /* Model Objects */ = {
			isa = PBXGroup;
			children = (
				99D0C7F724C5DE79002EEBFA /* Page.swift */,
				99D0C7EE24C5DE79002EEBFA /* Folder.swift */,
				99D0C7F224C5DE79002EEBFA /* PageLink.swift */,
				99D0C7F524C5DE79002EEBFA /* PageContent.swift */,
				99D0C7F824C5DE79002EEBFA /* Content Types */,
				99D0C7F024C5DE79002EEBFA /* Canvas.swift */,
				9999788828AA8699002930FD /* PageHierarchy.swift */,
				99D0C7ED24C5DE79002EEBFA /* LegacyPageHierarchy.swift */,
				99D0C7F624C5DE79002EEBFA /* CanvasPage.swift */,
				997ABC472882E96E00A75722 /* CanvasLink.swift */,
				99D0C7F324C5DE79002EEBFA /* Canvas+Pages.swift */,
				99C0BA9828B11D9D00F42AD9 /* PageHierarchyBuilder.swift */,
				99C0BA9A28B265F500F42AD9 /* PageHierarchyRestorer.swift */,
				99D0C7F424C5DE79002EEBFA /* ModelObjects+Pasteboard.swift */,
				99D0C7EC24C5DE79002EEBFA /* ModelObjects+Searching.swift */,
				99D0C7FB24C5DE79002EEBFA /* ModelObjects+Defaults.swift */,
				99BC437A256C22E800BBB0EA /* ModelObjects+Misc.swift */,
				99D0C7EF24C5DE79002EEBFA /* FolderContainable.swift */,
			);
			path = "Model Objects";
			sourceTree = "<group>";
		};
		99D0C7F824C5DE79002EEBFA /* Content Types */ = {
			isa = PBXGroup;
			children = (
				99D0C7F924C5DE79002EEBFA /* TextPageContent.swift */,
				99D0C7FA24C5DE79002EEBFA /* ImagePageContent.swift */,
				99F6BD1E27C3D21F00E5AD20 /* ImageHotspot.swift */,
			);
			path = "Content Types";
			sourceTree = "<group>";
		};
		99D0C81724C5DEC8002EEBFA /* Helpers */ = {
			isa = PBXGroup;
			children = (
				99D0C81824C5DEC8002EEBFA /* MockPageContent.swift */,
				99D0C81924C5DEC8002EEBFA /* TestLayoutDelegate.swift */,
				99D0C81A24C5DEC8002EEBFA /* MockLayoutEngine.swift */,
				99983E70278C9D660020759D /* MockLayoutEnginePageView.swift */,
				99D0C81B24C5DEC8002EEBFA /* MockDocumentWindowViewModel.swift */,
				99D0C81C24C5DEC8002EEBFA /* MockBubblesModelController.swift */,
				99D0C81D24C5DEC8002EEBFA /* MockEventContextFactory.swift */,
				9948C0CD2896B78100DB754E /* Test Data */,
				99399D0A28F45AA800B0E080 /* MockPageHierarchyRestorer.swift */,
				99AB31522906BDB900BD0C74 /* MockPageHierarchyBuilder.swift */,
			);
			path = Helpers;
			sourceTree = "<group>";
		};
		99D0C82024C5DEC8002EEBFA /* Model */ = {
			isa = PBXGroup;
			children = (
				99D0C85F24C5DF0F002EEBFA /* CoppiceModelControllerCanvasPageTests.swift */,
				99D0C85E24C5DF0F002EEBFA /* CoppiceModelControllerCanvasTests.swift */,
				99D0C85D24C5DF0F002EEBFA /* CoppiceModelControllerFolderTests.swift */,
				99D0C85B24C5DF0F002EEBFA /* CoppiceModelControllerPageTests.swift */,
				99D0C85C24C5DF0F002EEBFA /* CoppiceModelControllerTests.swift */,
				99D0C82324C5DEC8002EEBFA /* Model Infrastructure */,
				99D0C82A24C5DEC8002EEBFA /* ModelWriterTests.swift */,
				99D0C82C24C5DEC8002EEBFA /* ModelObjects */,
				9948C0D92897F95700DB754E /* Plists */,
				99D0C83924C5DEC8002EEBFA /* ModelReaderTests.swift */,
			);
			path = Model;
			sourceTree = "<group>";
		};
		99D0C82324C5DEC8002EEBFA /* Model Infrastructure */ = {
			isa = PBXGroup;
			children = (
			);
			path = "Model Infrastructure";
			sourceTree = "<group>";
		};
		99D0C82C24C5DEC8002EEBFA /* ModelObjects */ = {
			isa = PBXGroup;
			children = (
				99D0C82D24C5DEC8002EEBFA /* PageHierarchyTests.swift */,
				99B04A1128F1E60300B657DE /* PageHierarchyBuilderTests.swift */,
				99B04A1328F1E61C00B657DE /* PageHierarchyRestorerTests.swift */,
				99D0C82E24C5DEC8002EEBFA /* PageContentTests.swift */,
				99D0C82F24C5DEC8002EEBFA /* PageLinkTests.swift */,
				99D0C83024C5DEC8002EEBFA /* FolderTests.swift */,
				99D0C83124C5DEC8002EEBFA /* ModelObjects+PasteboardTests.swift */,
				99D0C83224C5DEC8002EEBFA /* CanvasTests.swift */,
				99D0C83324C5DEC8002EEBFA /* CanvasPageTests.swift */,
				99D0C83424C5DEC8002EEBFA /* PageTests.swift */,
				99D0C83524C5DEC8002EEBFA /* ContentTypes */,
				99D0C83824C5DEC8002EEBFA /* ModelObjects+SearchingTests.swift */,
				99BC438A256C241D00BBB0EA /* ModelObjects+MiscTests.swift */,
			);
			path = ModelObjects;
			sourceTree = "<group>";
		};
		99D0C83524C5DEC8002EEBFA /* ContentTypes */ = {
			isa = PBXGroup;
			children = (
				99D0C83624C5DEC8002EEBFA /* TextPageContentsTests.swift */,
				99D0C83724C5DEC8002EEBFA /* ImagePageContentsTests.swift */,
				99F6BD2027C3D23F00E5AD20 /* ImageHotspotTests.swift */,
			);
			path = ContentTypes;
			sourceTree = "<group>";
		};
		99D0C86C24C5E080002EEBFA /* Extensions */ = {
			isa = PBXGroup;
			children = (
				99D0C87424C5E0E1002EEBFA /* Array+M3Extensions.swift */,
				99D0C87224C5E0B2002EEBFA /* NSEdgeInsets+M3Extensions.swift */,
				9955BD3428BA65E30040FEE9 /* NSBezierPath+M3Extensions.swift */,
				99D0C86D24C5E080002EEBFA /* NSImage+M3Extensions.swift */,
				997EA3D328E1D4E900C6542C /* NSAttributedString+M3Extensions.swift */,
				99D0C86E24C5E080002EEBFA /* CoreGraphics+M3Extensions.swift */,
				99F0D5FB267D30D70020D37C /* NSRange+M3Extensions.swift */,
				99C88C7A28A13B68006791CB /* Set+M3Extensions.swift */,
				99E6DED92B3479E0001A0B1C /* NSObject+M3Extensions.swift */,
			);
			path = Extensions;
			sourceTree = "<group>";
		};
		99D0C87624C5E183002EEBFA /* Resources */ = {
			isa = PBXGroup;
			children = (
				99D0C87724C5E183002EEBFA /* test-image.png */,
				99D0C87824C5E183002EEBFA /* test-rtf.rtf */,
				99D0C87924C5E183002EEBFA /* test-zip.zip */,
			);
			path = Resources;
			sourceTree = "<group>";
		};
		99D0C88E24C5FB2F002EEBFA /* Layout Engine */ = {
			isa = PBXGroup;
			children = (
				99D0C89324C5FB95002EEBFA /* ArrowLayoutEngineTests.swift */,
				99D0C89124C5FB95002EEBFA /* CanvasLayoutEngineEventContextFactoryTests.swift */,
				99D0C89224C5FB95002EEBFA /* CanvasLayoutEngineTests.swift */,
				99D0C89524C5FB95002EEBFA /* Event Contexts */,
				99D0C89424C5FB95002EEBFA /* LayoutEngineArrowTests.swift */,
				99D0C89024C5FB95002EEBFA /* LayoutEnginePageTests.swift */,
			);
			path = "Layout Engine";
			sourceTree = "<group>";
		};
		99D0C89524C5FB95002EEBFA /* Event Contexts */ = {
			isa = PBXGroup;
			children = (
				99D0C89624C5FB95002EEBFA /* CanvasSelectionEventContextTests.swift */,
				99D0C89724C5FB95002EEBFA /* EventContextTestBase.swift */,
				99D0C89824C5FB95002EEBFA /* KeyboardMovePageEventContextTests.swift */,
				99D0C89924C5FB95002EEBFA /* ResizePageEventContextTests.swift */,
				99D0C89A24C5FB95002EEBFA /* SelectAndMoveEventContextTests.swift */,
				99D0C89B24C5FB95002EEBFA /* RemoveItemEventContextTests.swift */,
				99B04A0D28F1CEFC00B657DE /* StandardHoverEventContextTests.swift */,
				99B04A0F28F1E3F800B657DE /* CreateLinkHoverEventContextTests.swift */,
			);
			path = "Event Contexts";
			sourceTree = "<group>";
		};
		99D0C8CC24C5FBEA002EEBFA /* Layout Engine */ = {
			isa = PBXGroup;
			children = (
				99D0C8CD24C5FBEA002EEBFA /* CanvasLayoutEngine+Configuration.swift */,
				99D0C8CE24C5FBEA002EEBFA /* LayoutEngineEventContextFactory.swift */,
				99D0C8CF24C5FBEA002EEBFA /* LayoutEnginePage.swift */,
				99D0C8EE24C72494002EEBFA /* LayoutEnginePage+CanvasPage.swift */,
				99D0C8D024C5FBEA002EEBFA /* LayoutEngineLink.swift */,
				99C88C7C28A1419C006791CB /* LayoutEngineLink+CanvasLink.swift */,
				99D0C8D124C5FBEA002EEBFA /* CanvasLayoutEngine.swift */,
				99D0C8D224C5FBEA002EEBFA /* LinkLayoutEngine.swift */,
				99D0C8D324C5FBEA002EEBFA /* Event Contexts */,
			);
			path = "Layout Engine";
			sourceTree = "<group>";
		};
		99D0C8D324C5FBEA002EEBFA /* Event Contexts */ = {
			isa = PBXGroup;
			children = (
				99D0C8D624C5FBEA002EEBFA /* CanvasEventContext.swift */,
				99D0C8D424C5FBEA002EEBFA /* CanvasSelectionEventContext.swift */,
				99D0C8D524C5FBEA002EEBFA /* KeyboardMovePageEventContext.swift */,
				99D0C8D724C5FBEA002EEBFA /* SelectAndMoveEventContext.swift */,
				99D0C8D824C5FBEA002EEBFA /* RemoveItemEventContext.swift */,
				9991FE2528C4E20200946746 /* SelectLinkEventContext.swift */,
				99D0C8D924C5FBEA002EEBFA /* ResizePageEventContext.swift */,
				994E570328D74E7F0063E1D6 /* StandardHoverEventContext.swift */,
				9969905828D88C6D002A7372 /* CreateLinkHoverEventContext.swift */,
				9969905A28D8B5FF002A7372 /* CreateLinkMouseEventContext.swift */,
				9979B90728E0847A00E1CDC4 /* CreateLinkKeyEventContext.swift */,
			);
			path = "Event Contexts";
			sourceTree = "<group>";
		};
/* End PBXGroup section */

/* Begin PBXHeadersBuildPhase section */
		99D0C75124C5DD1E002EEBFA /* Headers */ = {
			isa = PBXHeadersBuildPhase;
			buildActionMask = 2147483647;
			files = (
				99D0C76724C5DD1E002EEBFA /* CoppiceCore.h in Headers */,
			);
			runOnlyForDeploymentPostprocessing = 0;
		};
/* End PBXHeadersBuildPhase section */

/* Begin PBXNativeTarget section */
		99D0C75524C5DD1E002EEBFA /* CoppiceCore */ = {
			isa = PBXNativeTarget;
			buildConfigurationList = 99D0C76A24C5DD1E002EEBFA /* Build configuration list for PBXNativeTarget "CoppiceCore" */;
			buildPhases = (
				99E533102607B4070017DC5D /* ShellScript */,
				99D0C75124C5DD1E002EEBFA /* Headers */,
				99D0C75224C5DD1E002EEBFA /* Sources */,
				99D0C75324C5DD1E002EEBFA /* Frameworks */,
				99D0C75424C5DD1E002EEBFA /* Resources */,
			);
			buildRules = (
			);
			dependencies = (
			);
			name = CoppiceCore;
			packageProductDependencies = (
				99248D202B3497DE0059546E /* M3Data */,
			);
			productName = CoppiceCore;
			productReference = 99D0C75624C5DD1E002EEBFA /* CoppiceCore.framework */;
			productType = "com.apple.product-type.framework";
		};
		99D0C75E24C5DD1E002EEBFA /* CoppiceCoreTests */ = {
			isa = PBXNativeTarget;
			buildConfigurationList = 99D0C76D24C5DD1E002EEBFA /* Build configuration list for PBXNativeTarget "CoppiceCoreTests" */;
			buildPhases = (
				99D0C75B24C5DD1E002EEBFA /* Sources */,
				99D0C75C24C5DD1E002EEBFA /* Frameworks */,
				99D0C75D24C5DD1E002EEBFA /* Resources */,
			);
			buildRules = (
			);
			dependencies = (
				99D0C76224C5DD1E002EEBFA /* PBXTargetDependency */,
			);
			name = CoppiceCoreTests;
			productName = CoppiceCoreTests;
			productReference = 99D0C75F24C5DD1E002EEBFA /* CoppiceCoreTests.xctest */;
			productType = "com.apple.product-type.bundle.unit-test";
		};
/* End PBXNativeTarget section */

/* Begin PBXProject section */
		99D0C74D24C5DD1E002EEBFA /* Project object */ = {
			isa = PBXProject;
			attributes = {
				BuildIndependentTargetsInParallel = YES;
				LastSwiftUpdateCheck = 1200;
				LastUpgradeCheck = 1430;
				TargetAttributes = {
					99D0C75524C5DD1E002EEBFA = {
						CreatedOnToolsVersion = 12.0;
						LastSwiftMigration = 1200;
					};
					99D0C75E24C5DD1E002EEBFA = {
						CreatedOnToolsVersion = 12.0;
					};
				};
			};
			buildConfigurationList = 99D0C75024C5DD1E002EEBFA /* Build configuration list for PBXProject "CoppiceCore" */;
			compatibilityVersion = "Xcode 9.3";
			developmentRegion = en;
			hasScannedForEncodings = 0;
			knownRegions = (
				en,
				Base,
			);
			mainGroup = 99D0C74C24C5DD1E002EEBFA;
			packageReferences = (
			);
			productRefGroup = 99D0C75724C5DD1E002EEBFA /* Products */;
			projectDirPath = "";
			projectRoot = "";
			targets = (
				99D0C75524C5DD1E002EEBFA /* CoppiceCore */,
				99D0C75E24C5DD1E002EEBFA /* CoppiceCoreTests */,
			);
		};
/* End PBXProject section */

/* Begin PBXResourcesBuildPhase section */
		99D0C75424C5DD1E002EEBFA /* Resources */ = {
			isa = PBXResourcesBuildPhase;
			buildActionMask = 2147483647;
			files = (
			);
			runOnlyForDeploymentPostprocessing = 0;
		};
		99D0C75D24C5DD1E002EEBFA /* Resources */ = {
			isa = PBXResourcesBuildPhase;
			buildActionMask = 2147483647;
			files = (
				99D0C87A24C5E183002EEBFA /* test-image.png in Resources */,
				99D0C87C24C5E183002EEBFA /* test-zip.zip in Resources */,
				99D0C87B24C5E183002EEBFA /* test-rtf.rtf in Resources */,
			);
			runOnlyForDeploymentPostprocessing = 0;
		};
/* End PBXResourcesBuildPhase section */

/* Begin PBXShellScriptBuildPhase section */
		99E533102607B4070017DC5D /* ShellScript */ = {
			isa = PBXShellScriptBuildPhase;
			alwaysOutOfDate = 1;
			buildActionMask = 2147483647;
			files = (
			);
			inputFileListPaths = (
			);
			inputPaths = (
			);
			outputFileListPaths = (
			);
			outputPaths = (
			);
			runOnlyForDeploymentPostprocessing = 0;
			shellPath = /bin/sh;
			shellScript = "PATH=${PATH}:/opt/homebrew/bin/\nif which swiftformat >/dev/null; then\n  swiftformat --lint --lenient .\nelse\n  echo \"warning: SwiftFormat not installed, download from https://github.com/nicklockwood/SwiftFormat\"\nfi\n";
		};
/* End PBXShellScriptBuildPhase section */

/* Begin PBXSourcesBuildPhase section */
		99D0C75224C5DD1E002EEBFA /* Sources */ = {
			isa = PBXSourcesBuildPhase;
			buildActionMask = 2147483647;
			files = (
				997ABC482882E96E00A75722 /* CanvasLink.swift in Sources */,
				99E6DEDA2B3479E0001A0B1C /* NSObject+M3Extensions.swift in Sources */,
				994664A02816EE0300A08522 /* CroppedImageCache.swift in Sources */,
				99D0C80D24C5DE79002EEBFA /* PageLink.swift in Sources */,
				99D0C8E524C5FBEA002EEBFA /* ResizePageEventContext.swift in Sources */,
				99D0C81024C5DE79002EEBFA /* PageContent.swift in Sources */,
				99D0C8DB24C5FBEA002EEBFA /* LayoutEngineEventContextFactory.swift in Sources */,
				99D0C8E424C5FBEA002EEBFA /* RemoveItemEventContext.swift in Sources */,
				99D0C81124C5DE79002EEBFA /* CanvasPage.swift in Sources */,
				9979B90828E0847A00E1CDC4 /* CreateLinkKeyEventContext.swift in Sources */,
				99D0C87324C5E0B2002EEBFA /* NSEdgeInsets+M3Extensions.swift in Sources */,
				99D0C86F24C5E080002EEBFA /* CoppiceUserDefaults.swift in Sources */,
				99D0C80B24C5DE79002EEBFA /* Canvas.swift in Sources */,
				9969905928D88C6D002A7372 /* CreateLinkHoverEventContext.swift in Sources */,
				99D0C80824C5DE79002EEBFA /* LegacyPageHierarchy.swift in Sources */,
				99D0C80F24C5DE79002EEBFA /* ModelObjects+Pasteboard.swift in Sources */,
				99D0C87524C5E0E1002EEBFA /* Array+M3Extensions.swift in Sources */,
				99BC437B256C22E800BBB0EA /* ModelObjects+Misc.swift in Sources */,
				99D0C8E224C5FBEA002EEBFA /* CanvasEventContext.swift in Sources */,
				99D0C8E324C5FBEA002EEBFA /* SelectAndMoveEventContext.swift in Sources */,
				99D0C8DC24C5FBEA002EEBFA /* LayoutEnginePage.swift in Sources */,
				9999788928AA8699002930FD /* PageHierarchy.swift in Sources */,
				99C0BA9928B11D9D00F42AD9 /* PageHierarchyBuilder.swift in Sources */,
				99D0C8EF24C72494002EEBFA /* LayoutEnginePage+CanvasPage.swift in Sources */,
				99D0C8DF24C5FBEA002EEBFA /* LinkLayoutEngine.swift in Sources */,
				9948C0D62896BA6900DB754E /* PlistV3.swift in Sources */,
				99D0C87024C5E080002EEBFA /* NSImage+M3Extensions.swift in Sources */,
				99C0BA9B28B265F500F42AD9 /* PageHierarchyRestorer.swift in Sources */,
				997EA3D428E1D4E900C6542C /* NSAttributedString+M3Extensions.swift in Sources */,
				99D0C80724C5DE79002EEBFA /* ModelObjects+Searching.swift in Sources */,
				99D0C81424C5DE79002EEBFA /* ImagePageContent.swift in Sources */,
				99C88C7B28A13B68006791CB /* Set+M3Extensions.swift in Sources */,
				99D0C8F124C728C7002EEBFA /* ArrowDrawHelper.swift in Sources */,
				99D0C8DA24C5FBEA002EEBFA /* CanvasLayoutEngine+Configuration.swift in Sources */,
				9969905B28D8B5FF002A7372 /* CreateLinkMouseEventContext.swift in Sources */,
				99D0C8DD24C5FBEA002EEBFA /* LayoutEngineLink.swift in Sources */,
				99D0C80E24C5DE79002EEBFA /* Canvas+Pages.swift in Sources */,
				9948C0D82896BA8700DB754E /* Plist.swift in Sources */,
				99F6BD1F27C3D21F00E5AD20 /* ImageHotspot.swift in Sources */,
				99D0C86724C5DFBA002EEBFA /* GlobalConstants.swift in Sources */,
				994E570428D74E7F0063E1D6 /* StandardHoverEventContext.swift in Sources */,
				99D0C7FC24C5DE79002EEBFA /* CoppiceModelController.swift in Sources */,
				99D0C8E124C5FBEA002EEBFA /* KeyboardMovePageEventContext.swift in Sources */,
				99D0C8E024C5FBEA002EEBFA /* CanvasSelectionEventContext.swift in Sources */,
				99D0C81524C5DE79002EEBFA /* ModelObjects+Defaults.swift in Sources */,
				9948C0D42896BA2F00DB754E /* PlistV2.swift in Sources */,
				99D0C81224C5DE79002EEBFA /* Page.swift in Sources */,
				99D0C8DE24C5FBEA002EEBFA /* CanvasLayoutEngine.swift in Sources */,
				99D0C81324C5DE79002EEBFA /* TextPageContent.swift in Sources */,
				99D0C80A24C5DE79002EEBFA /* FolderContainable.swift in Sources */,
				99F0D5FC267D30D70020D37C /* NSRange+M3Extensions.swift in Sources */,
				99D0C87124C5E080002EEBFA /* CoreGraphics+M3Extensions.swift in Sources */,
				9991FE2628C4E20200946746 /* SelectLinkEventContext.swift in Sources */,
				99D0C80924C5DE79002EEBFA /* Folder.swift in Sources */,
				99C88C7D28A1419C006791CB /* LayoutEngineLink+CanvasLink.swift in Sources */,
				9955BD3528BA65E40040FEE9 /* NSBezierPath+M3Extensions.swift in Sources */,
			);
			runOnlyForDeploymentPostprocessing = 0;
		};
		99D0C75B24C5DD1E002EEBFA /* Sources */ = {
			isa = PBXSourcesBuildPhase;
			buildActionMask = 2147483647;
			files = (
				99D0C86224C5DF0F002EEBFA /* CoppiceModelControllerFolderTests.swift in Sources */,
				99BC4352256C15F200BBB0EA /* Array+M3ExtensionsTests.swift in Sources */,
				99D0C85424C5DEC9002EEBFA /* CanvasPageTests.swift in Sources */,
				99B04A1228F1E60300B657DE /* PageHierarchyBuilderTests.swift in Sources */,
				99D0C85224C5DEC9002EEBFA /* ModelObjects+PasteboardTests.swift in Sources */,
				99D0C89E24C5FB95002EEBFA /* CanvasLayoutEngineTests.swift in Sources */,
				9948C0DD289801D800DB754E /* PlistV3Tests.swift in Sources */,
				99D0C86024C5DF0F002EEBFA /* CoppiceModelControllerPageTests.swift in Sources */,
				99D0C84324C5DEC9002EEBFA /* TestObjects.swift in Sources */,
				99D0C8A224C5FB95002EEBFA /* EventContextTestBase.swift in Sources */,
				99D0C83D24C5DEC9002EEBFA /* TestLayoutDelegate.swift in Sources */,
				99D0C8A024C5FB95002EEBFA /* LayoutEngineArrowTests.swift in Sources */,
				99B04A1028F1E3F800B657DE /* CreateLinkHoverEventContextTests.swift in Sources */,
				99D0C8A424C5FB95002EEBFA /* ResizePageEventContextTests.swift in Sources */,
				99D0C89C24C5FB95002EEBFA /* LayoutEnginePageTests.swift in Sources */,
				99F6BD2127C3D23F00E5AD20 /* ImageHotspotTests.swift in Sources */,
				9948C0DB2897F98E00DB754E /* PlistV2Tests.swift in Sources */,
				99D0C85624C5DEC9002EEBFA /* TextPageContentsTests.swift in Sources */,
				99983E71278C9D660020759D /* MockLayoutEnginePageView.swift in Sources */,
				99BC4375256C168000BBB0EA /* CoreGraphics+M3ExtensionsTests.swift in Sources */,
				99D0C86324C5DF0F002EEBFA /* CoppiceModelControllerCanvasTests.swift in Sources */,
				99D0C85924C5DEC9002EEBFA /* ModelReaderTests.swift in Sources */,
				99AB31532906BDB900BD0C74 /* MockPageHierarchyBuilder.swift in Sources */,
				9948C0CF2896B78C00DB754E /* TestData.Plist.V2.swift in Sources */,
				99D0C89F24C5FB95002EEBFA /* ArrowLayoutEngineTests.swift in Sources */,
				99D0C84124C5DEC9002EEBFA /* MockEventContextFactory.swift in Sources */,
				99D0C85024C5DEC9002EEBFA /* PageLinkTests.swift in Sources */,
				99D0C85524C5DEC9002EEBFA /* PageTests.swift in Sources */,
				99D0C85324C5DEC9002EEBFA /* CanvasTests.swift in Sources */,
				99D0C83B24C5DEC9002EEBFA /* XCTestExtensions.swift in Sources */,
				99D0C84024C5DEC9002EEBFA /* MockBubblesModelController.swift in Sources */,
				99B04A1428F1E61C00B657DE /* PageHierarchyRestorerTests.swift in Sources */,
				99B04A0E28F1CEFC00B657DE /* StandardHoverEventContextTests.swift in Sources */,
				99D0C84C24C5DEC9002EEBFA /* ModelWriterTests.swift in Sources */,
				99D0C8A624C5FB95002EEBFA /* RemoveItemEventContextTests.swift in Sources */,
				99D0C8A524C5FB95002EEBFA /* SelectAndMoveEventContextTests.swift in Sources */,
				99D0C8A324C5FB95002EEBFA /* KeyboardMovePageEventContextTests.swift in Sources */,
				99D0C84E24C5DEC9002EEBFA /* PageHierarchyTests.swift in Sources */,
				99D0C86124C5DF0F002EEBFA /* CoppiceModelControllerTests.swift in Sources */,
				99D0C84224C5DEC9002EEBFA /* Mocking.swift in Sources */,
				99BC438B256C241D00BBB0EA /* ModelObjects+MiscTests.swift in Sources */,
				9948C0DF2898040A00DB754E /* TestData.Plist.V3.swift in Sources */,
				99D0C86424C5DF0F002EEBFA /* CoppiceModelControllerCanvasPageTests.swift in Sources */,
				99399D0B28F45AA800B0E080 /* MockPageHierarchyRestorer.swift in Sources */,
				9948C0E12898298600DB754E /* TestData.ModelController.swift in Sources */,
				99E47E2C274BF8DC007D180F /* NSRange+M3ExtensionsTests.swift in Sources */,
				9948C0D12896B79B00DB754E /* TestData.swift in Sources */,
				99D0C89D24C5FB95002EEBFA /* CanvasLayoutEngineEventContextFactoryTests.swift in Sources */,
				99D0C8A124C5FB95002EEBFA /* CanvasSelectionEventContextTests.swift in Sources */,
				99D0C85824C5DEC9002EEBFA /* ModelObjects+SearchingTests.swift in Sources */,
				99D0C85724C5DEC9002EEBFA /* ImagePageContentsTests.swift in Sources */,
				99D0C85124C5DEC9002EEBFA /* FolderTests.swift in Sources */,
				99D0C84F24C5DEC9002EEBFA /* PageContentTests.swift in Sources */,
				99D0C83C24C5DEC9002EEBFA /* MockPageContent.swift in Sources */,
				99D0C83E24C5DEC9002EEBFA /* MockLayoutEngine.swift in Sources */,
				99D0C83F24C5DEC9002EEBFA /* MockDocumentWindowViewModel.swift in Sources */,
			);
			runOnlyForDeploymentPostprocessing = 0;
		};
/* End PBXSourcesBuildPhase section */

/* Begin PBXTargetDependency section */
		99D0C76224C5DD1E002EEBFA /* PBXTargetDependency */ = {
			isa = PBXTargetDependency;
			target = 99D0C75524C5DD1E002EEBFA /* CoppiceCore */;
			targetProxy = 99D0C76124C5DD1E002EEBFA /* PBXContainerItemProxy */;
		};
/* End PBXTargetDependency section */

/* Begin XCBuildConfiguration section */
		99D0C76824C5DD1E002EEBFA /* Debug */ = {
			isa = XCBuildConfiguration;
			buildSettings = {
				ALWAYS_SEARCH_USER_PATHS = NO;
				CLANG_ANALYZER_NONNULL = YES;
				CLANG_ANALYZER_NUMBER_OBJECT_CONVERSION = YES_AGGRESSIVE;
				CLANG_CXX_LANGUAGE_STANDARD = "gnu++14";
				CLANG_CXX_LIBRARY = "libc++";
				CLANG_ENABLE_MODULES = YES;
				CLANG_ENABLE_OBJC_ARC = YES;
				CLANG_ENABLE_OBJC_WEAK = YES;
				CLANG_WARN_BLOCK_CAPTURE_AUTORELEASING = YES;
				CLANG_WARN_BOOL_CONVERSION = YES;
				CLANG_WARN_COMMA = YES;
				CLANG_WARN_CONSTANT_CONVERSION = YES;
				CLANG_WARN_DEPRECATED_OBJC_IMPLEMENTATIONS = YES;
				CLANG_WARN_DIRECT_OBJC_ISA_USAGE = YES_ERROR;
				CLANG_WARN_DOCUMENTATION_COMMENTS = YES;
				CLANG_WARN_EMPTY_BODY = YES;
				CLANG_WARN_ENUM_CONVERSION = YES;
				CLANG_WARN_INFINITE_RECURSION = YES;
				CLANG_WARN_INT_CONVERSION = YES;
				CLANG_WARN_NON_LITERAL_NULL_CONVERSION = YES;
				CLANG_WARN_OBJC_IMPLICIT_RETAIN_SELF = YES;
				CLANG_WARN_OBJC_LITERAL_CONVERSION = YES;
				CLANG_WARN_OBJC_ROOT_CLASS = YES_ERROR;
				CLANG_WARN_QUOTED_INCLUDE_IN_FRAMEWORK_HEADER = YES;
				CLANG_WARN_RANGE_LOOP_ANALYSIS = YES;
				CLANG_WARN_STRICT_PROTOTYPES = YES;
				CLANG_WARN_SUSPICIOUS_MOVE = YES;
				CLANG_WARN_UNGUARDED_AVAILABILITY = YES_AGGRESSIVE;
				CLANG_WARN_UNREACHABLE_CODE = YES;
				CLANG_WARN__DUPLICATE_METHOD_MATCH = YES;
				COPY_PHASE_STRIP = NO;
				CURRENT_PROJECT_VERSION = 1;
				DEAD_CODE_STRIPPING = YES;
				DEBUG_INFORMATION_FORMAT = dwarf;
				ENABLE_STRICT_OBJC_MSGSEND = YES;
				ENABLE_TESTABILITY = YES;
				GCC_C_LANGUAGE_STANDARD = gnu11;
				GCC_DYNAMIC_NO_PIC = NO;
				GCC_NO_COMMON_BLOCKS = YES;
				GCC_OPTIMIZATION_LEVEL = 0;
				GCC_PREPROCESSOR_DEFINITIONS = (
					"DEBUG=1",
					"$(inherited)",
				);
				GCC_WARN_64_TO_32_BIT_CONVERSION = YES;
				GCC_WARN_ABOUT_RETURN_TYPE = YES_ERROR;
				GCC_WARN_UNDECLARED_SELECTOR = YES;
				GCC_WARN_UNINITIALIZED_AUTOS = YES_AGGRESSIVE;
				GCC_WARN_UNUSED_FUNCTION = YES;
				GCC_WARN_UNUSED_VARIABLE = YES;
				MACOSX_DEPLOYMENT_TARGET = 12.0;
				MTL_ENABLE_DEBUG_INFO = INCLUDE_SOURCE;
				MTL_FAST_MATH = YES;
				ONLY_ACTIVE_ARCH = YES;
				SDKROOT = macosx;
				SWIFT_ACTIVE_COMPILATION_CONDITIONS = DEBUG;
				SWIFT_OPTIMIZATION_LEVEL = "-Onone";
				VERSIONING_SYSTEM = "apple-generic";
				VERSION_INFO_PREFIX = "";
			};
			name = Debug;
		};
		99D0C76924C5DD1E002EEBFA /* Release */ = {
			isa = XCBuildConfiguration;
			buildSettings = {
				ALWAYS_SEARCH_USER_PATHS = NO;
				CLANG_ANALYZER_NONNULL = YES;
				CLANG_ANALYZER_NUMBER_OBJECT_CONVERSION = YES_AGGRESSIVE;
				CLANG_CXX_LANGUAGE_STANDARD = "gnu++14";
				CLANG_CXX_LIBRARY = "libc++";
				CLANG_ENABLE_MODULES = YES;
				CLANG_ENABLE_OBJC_ARC = YES;
				CLANG_ENABLE_OBJC_WEAK = YES;
				CLANG_WARN_BLOCK_CAPTURE_AUTORELEASING = YES;
				CLANG_WARN_BOOL_CONVERSION = YES;
				CLANG_WARN_COMMA = YES;
				CLANG_WARN_CONSTANT_CONVERSION = YES;
				CLANG_WARN_DEPRECATED_OBJC_IMPLEMENTATIONS = YES;
				CLANG_WARN_DIRECT_OBJC_ISA_USAGE = YES_ERROR;
				CLANG_WARN_DOCUMENTATION_COMMENTS = YES;
				CLANG_WARN_EMPTY_BODY = YES;
				CLANG_WARN_ENUM_CONVERSION = YES;
				CLANG_WARN_INFINITE_RECURSION = YES;
				CLANG_WARN_INT_CONVERSION = YES;
				CLANG_WARN_NON_LITERAL_NULL_CONVERSION = YES;
				CLANG_WARN_OBJC_IMPLICIT_RETAIN_SELF = YES;
				CLANG_WARN_OBJC_LITERAL_CONVERSION = YES;
				CLANG_WARN_OBJC_ROOT_CLASS = YES_ERROR;
				CLANG_WARN_QUOTED_INCLUDE_IN_FRAMEWORK_HEADER = YES;
				CLANG_WARN_RANGE_LOOP_ANALYSIS = YES;
				CLANG_WARN_STRICT_PROTOTYPES = YES;
				CLANG_WARN_SUSPICIOUS_MOVE = YES;
				CLANG_WARN_UNGUARDED_AVAILABILITY = YES_AGGRESSIVE;
				CLANG_WARN_UNREACHABLE_CODE = YES;
				CLANG_WARN__DUPLICATE_METHOD_MATCH = YES;
				COPY_PHASE_STRIP = NO;
				CURRENT_PROJECT_VERSION = 1;
				DEAD_CODE_STRIPPING = YES;
				DEBUG_INFORMATION_FORMAT = "dwarf-with-dsym";
				ENABLE_NS_ASSERTIONS = NO;
				ENABLE_STRICT_OBJC_MSGSEND = YES;
				GCC_C_LANGUAGE_STANDARD = gnu11;
				GCC_NO_COMMON_BLOCKS = YES;
				GCC_WARN_64_TO_32_BIT_CONVERSION = YES;
				GCC_WARN_ABOUT_RETURN_TYPE = YES_ERROR;
				GCC_WARN_UNDECLARED_SELECTOR = YES;
				GCC_WARN_UNINITIALIZED_AUTOS = YES_AGGRESSIVE;
				GCC_WARN_UNUSED_FUNCTION = YES;
				GCC_WARN_UNUSED_VARIABLE = YES;
				MACOSX_DEPLOYMENT_TARGET = 12.0;
				MTL_ENABLE_DEBUG_INFO = NO;
				MTL_FAST_MATH = YES;
				SDKROOT = macosx;
				SWIFT_COMPILATION_MODE = wholemodule;
				SWIFT_OPTIMIZATION_LEVEL = "-O";
				VERSIONING_SYSTEM = "apple-generic";
				VERSION_INFO_PREFIX = "";
			};
			name = Release;
		};
		99D0C76B24C5DD1E002EEBFA /* Debug */ = {
			isa = XCBuildConfiguration;
			buildSettings = {
				APPLICATION_EXTENSION_API_ONLY = YES;
				CLANG_ENABLE_MODULES = YES;
				CODE_SIGN_IDENTITY = "";
				CODE_SIGN_STYLE = Automatic;
				COMBINE_HIDPI_IMAGES = YES;
				DEAD_CODE_STRIPPING = YES;
				DEFINES_MODULE = YES;
				DEVELOPMENT_TEAM = K3K39KWKBV;
				DYLIB_COMPATIBILITY_VERSION = 1;
				DYLIB_CURRENT_VERSION = 1;
				DYLIB_INSTALL_NAME_BASE = "@rpath";
				ENABLE_MODULE_VERIFIER = YES;
				INFOPLIST_FILE = CoppiceCore/Info.plist;
				INSTALL_PATH = "$(LOCAL_LIBRARY_DIR)/Frameworks";
				LD_NO_PIE = YES;
				LD_RUNPATH_SEARCH_PATHS = (
					"$(inherited)",
					"@executable_path/../Frameworks",
					"@loader_path/Frameworks",
				);
				MODULE_VERIFIER_SUPPORTED_LANGUAGES = "objective-c objective-c++";
				MODULE_VERIFIER_SUPPORTED_LANGUAGE_STANDARDS = "gnu11 gnu++14";
				PRODUCT_BUNDLE_IDENTIFIER = com.mcubedsw.CoppiceCore;
				PRODUCT_NAME = "$(TARGET_NAME:c99extidentifier)";
				SKIP_INSTALL = YES;
				SWIFT_OPTIMIZATION_LEVEL = "-Onone";
				SWIFT_VERSION = 5.0;
			};
			name = Debug;
		};
		99D0C76C24C5DD1E002EEBFA /* Release */ = {
			isa = XCBuildConfiguration;
			buildSettings = {
				APPLICATION_EXTENSION_API_ONLY = YES;
				CLANG_ENABLE_MODULES = YES;
				CODE_SIGN_IDENTITY = "";
				CODE_SIGN_STYLE = Automatic;
				COMBINE_HIDPI_IMAGES = YES;
				DEAD_CODE_STRIPPING = YES;
				DEFINES_MODULE = YES;
				DEVELOPMENT_TEAM = K3K39KWKBV;
				DYLIB_COMPATIBILITY_VERSION = 1;
				DYLIB_CURRENT_VERSION = 1;
				DYLIB_INSTALL_NAME_BASE = "@rpath";
				ENABLE_MODULE_VERIFIER = YES;
				INFOPLIST_FILE = CoppiceCore/Info.plist;
				INSTALL_PATH = "$(LOCAL_LIBRARY_DIR)/Frameworks";
				LD_NO_PIE = YES;
				LD_RUNPATH_SEARCH_PATHS = (
					"$(inherited)",
					"@executable_path/../Frameworks",
					"@loader_path/Frameworks",
				);
				MODULE_VERIFIER_SUPPORTED_LANGUAGES = "objective-c objective-c++";
				MODULE_VERIFIER_SUPPORTED_LANGUAGE_STANDARDS = "gnu11 gnu++14";
				PRODUCT_BUNDLE_IDENTIFIER = com.mcubedsw.CoppiceCore;
				PRODUCT_NAME = "$(TARGET_NAME:c99extidentifier)";
				SKIP_INSTALL = YES;
				SWIFT_VERSION = 5.0;
			};
			name = Release;
		};
		99D0C76E24C5DD1E002EEBFA /* Debug */ = {
			isa = XCBuildConfiguration;
			buildSettings = {
				ALWAYS_EMBED_SWIFT_STANDARD_LIBRARIES = YES;
				CODE_SIGN_STYLE = Automatic;
				COMBINE_HIDPI_IMAGES = YES;
				DEAD_CODE_STRIPPING = YES;
				DEVELOPMENT_TEAM = K3K39KWKBV;
				INFOPLIST_FILE = CoppiceCoreTests/Info.plist;
				LD_RUNPATH_SEARCH_PATHS = (
					"$(inherited)",
					"@executable_path/../Frameworks",
					"@loader_path/../Frameworks",
				);
				PRODUCT_BUNDLE_IDENTIFIER = com.mcubedsw.CoppiceCoreTests;
				PRODUCT_NAME = "$(TARGET_NAME)";
				SWIFT_VERSION = 5.0;
			};
			name = Debug;
		};
		99D0C76F24C5DD1E002EEBFA /* Release */ = {
			isa = XCBuildConfiguration;
			buildSettings = {
				ALWAYS_EMBED_SWIFT_STANDARD_LIBRARIES = YES;
				CODE_SIGN_STYLE = Automatic;
				COMBINE_HIDPI_IMAGES = YES;
				DEAD_CODE_STRIPPING = YES;
				DEVELOPMENT_TEAM = K3K39KWKBV;
				INFOPLIST_FILE = CoppiceCoreTests/Info.plist;
				LD_RUNPATH_SEARCH_PATHS = (
					"$(inherited)",
					"@executable_path/../Frameworks",
					"@loader_path/../Frameworks",
				);
				PRODUCT_BUNDLE_IDENTIFIER = com.mcubedsw.CoppiceCoreTests;
				PRODUCT_NAME = "$(TARGET_NAME)";
				SWIFT_VERSION = 5.0;
			};
			name = Release;
		};
		99D0C88024C5EE8E002EEBFA /* Test */ = {
			isa = XCBuildConfiguration;
			buildSettings = {
				ALWAYS_SEARCH_USER_PATHS = NO;
				CLANG_ANALYZER_NONNULL = YES;
				CLANG_ANALYZER_NUMBER_OBJECT_CONVERSION = YES_AGGRESSIVE;
				CLANG_CXX_LANGUAGE_STANDARD = "gnu++14";
				CLANG_CXX_LIBRARY = "libc++";
				CLANG_ENABLE_MODULES = YES;
				CLANG_ENABLE_OBJC_ARC = YES;
				CLANG_ENABLE_OBJC_WEAK = YES;
				CLANG_WARN_BLOCK_CAPTURE_AUTORELEASING = YES;
				CLANG_WARN_BOOL_CONVERSION = YES;
				CLANG_WARN_COMMA = YES;
				CLANG_WARN_CONSTANT_CONVERSION = YES;
				CLANG_WARN_DEPRECATED_OBJC_IMPLEMENTATIONS = YES;
				CLANG_WARN_DIRECT_OBJC_ISA_USAGE = YES_ERROR;
				CLANG_WARN_DOCUMENTATION_COMMENTS = YES;
				CLANG_WARN_EMPTY_BODY = YES;
				CLANG_WARN_ENUM_CONVERSION = YES;
				CLANG_WARN_INFINITE_RECURSION = YES;
				CLANG_WARN_INT_CONVERSION = YES;
				CLANG_WARN_NON_LITERAL_NULL_CONVERSION = YES;
				CLANG_WARN_OBJC_IMPLICIT_RETAIN_SELF = YES;
				CLANG_WARN_OBJC_LITERAL_CONVERSION = YES;
				CLANG_WARN_OBJC_ROOT_CLASS = YES_ERROR;
				CLANG_WARN_QUOTED_INCLUDE_IN_FRAMEWORK_HEADER = YES;
				CLANG_WARN_RANGE_LOOP_ANALYSIS = YES;
				CLANG_WARN_STRICT_PROTOTYPES = YES;
				CLANG_WARN_SUSPICIOUS_MOVE = YES;
				CLANG_WARN_UNGUARDED_AVAILABILITY = YES_AGGRESSIVE;
				CLANG_WARN_UNREACHABLE_CODE = YES;
				CLANG_WARN__DUPLICATE_METHOD_MATCH = YES;
				COPY_PHASE_STRIP = NO;
				CURRENT_PROJECT_VERSION = 1;
				DEAD_CODE_STRIPPING = YES;
				DEBUG_INFORMATION_FORMAT = dwarf;
				ENABLE_STRICT_OBJC_MSGSEND = YES;
				ENABLE_TESTABILITY = YES;
				GCC_C_LANGUAGE_STANDARD = gnu11;
				GCC_DYNAMIC_NO_PIC = NO;
				GCC_NO_COMMON_BLOCKS = YES;
				GCC_OPTIMIZATION_LEVEL = 0;
				GCC_PREPROCESSOR_DEFINITIONS = (
					"DEBUG=1",
					"TEST=1",
					"$(inherited)",
				);
				GCC_WARN_64_TO_32_BIT_CONVERSION = YES;
				GCC_WARN_ABOUT_RETURN_TYPE = YES_ERROR;
				GCC_WARN_UNDECLARED_SELECTOR = YES;
				GCC_WARN_UNINITIALIZED_AUTOS = YES_AGGRESSIVE;
				GCC_WARN_UNUSED_FUNCTION = YES;
				GCC_WARN_UNUSED_VARIABLE = YES;
				MACOSX_DEPLOYMENT_TARGET = 12.0;
				MTL_ENABLE_DEBUG_INFO = INCLUDE_SOURCE;
				MTL_FAST_MATH = YES;
				ONLY_ACTIVE_ARCH = YES;
				SDKROOT = macosx;
				SWIFT_ACTIVE_COMPILATION_CONDITIONS = "DEBUG TEST";
				SWIFT_OPTIMIZATION_LEVEL = "-Onone";
				VERSIONING_SYSTEM = "apple-generic";
				VERSION_INFO_PREFIX = "";
			};
			name = Test;
		};
		99D0C88124C5EE8E002EEBFA /* Test */ = {
			isa = XCBuildConfiguration;
			buildSettings = {
				APPLICATION_EXTENSION_API_ONLY = YES;
				CLANG_ENABLE_MODULES = YES;
				CODE_SIGN_IDENTITY = "";
				CODE_SIGN_STYLE = Automatic;
				COMBINE_HIDPI_IMAGES = YES;
				DEAD_CODE_STRIPPING = YES;
				DEFINES_MODULE = YES;
				DEVELOPMENT_TEAM = K3K39KWKBV;
				DYLIB_COMPATIBILITY_VERSION = 1;
				DYLIB_CURRENT_VERSION = 1;
				DYLIB_INSTALL_NAME_BASE = "@rpath";
				ENABLE_MODULE_VERIFIER = YES;
				INFOPLIST_FILE = CoppiceCore/Info.plist;
				INSTALL_PATH = "$(LOCAL_LIBRARY_DIR)/Frameworks";
				LD_NO_PIE = YES;
				LD_RUNPATH_SEARCH_PATHS = (
					"$(inherited)",
					"@executable_path/../Frameworks",
					"@loader_path/Frameworks",
				);
				MODULE_VERIFIER_SUPPORTED_LANGUAGES = "objective-c objective-c++";
				MODULE_VERIFIER_SUPPORTED_LANGUAGE_STANDARDS = "gnu11 gnu++14";
				PRODUCT_BUNDLE_IDENTIFIER = com.mcubedsw.CoppiceCore;
				PRODUCT_NAME = "$(TARGET_NAME:c99extidentifier)";
				SKIP_INSTALL = YES;
				SWIFT_OPTIMIZATION_LEVEL = "-Onone";
				SWIFT_VERSION = 5.0;
			};
			name = Test;
		};
		99D0C88224C5EE8E002EEBFA /* Test */ = {
			isa = XCBuildConfiguration;
			buildSettings = {
				ALWAYS_EMBED_SWIFT_STANDARD_LIBRARIES = YES;
				CODE_SIGN_STYLE = Automatic;
				COMBINE_HIDPI_IMAGES = YES;
				DEAD_CODE_STRIPPING = YES;
				DEVELOPMENT_TEAM = K3K39KWKBV;
				INFOPLIST_FILE = CoppiceCoreTests/Info.plist;
				LD_RUNPATH_SEARCH_PATHS = (
					"$(inherited)",
					"@executable_path/../Frameworks",
					"@loader_path/../Frameworks",
				);
				PRODUCT_BUNDLE_IDENTIFIER = com.mcubedsw.CoppiceCoreTests;
				PRODUCT_NAME = "$(TARGET_NAME)";
				SWIFT_VERSION = 5.0;
			};
			name = Test;
		};
		99D0C88324C5EE93002EEBFA /* Archive */ = {
			isa = XCBuildConfiguration;
			buildSettings = {
				ALWAYS_SEARCH_USER_PATHS = NO;
				CLANG_ANALYZER_NONNULL = YES;
				CLANG_ANALYZER_NUMBER_OBJECT_CONVERSION = YES_AGGRESSIVE;
				CLANG_CXX_LANGUAGE_STANDARD = "gnu++14";
				CLANG_CXX_LIBRARY = "libc++";
				CLANG_ENABLE_MODULES = YES;
				CLANG_ENABLE_OBJC_ARC = YES;
				CLANG_ENABLE_OBJC_WEAK = YES;
				CLANG_WARN_BLOCK_CAPTURE_AUTORELEASING = YES;
				CLANG_WARN_BOOL_CONVERSION = YES;
				CLANG_WARN_COMMA = YES;
				CLANG_WARN_CONSTANT_CONVERSION = YES;
				CLANG_WARN_DEPRECATED_OBJC_IMPLEMENTATIONS = YES;
				CLANG_WARN_DIRECT_OBJC_ISA_USAGE = YES_ERROR;
				CLANG_WARN_DOCUMENTATION_COMMENTS = YES;
				CLANG_WARN_EMPTY_BODY = YES;
				CLANG_WARN_ENUM_CONVERSION = YES;
				CLANG_WARN_INFINITE_RECURSION = YES;
				CLANG_WARN_INT_CONVERSION = YES;
				CLANG_WARN_NON_LITERAL_NULL_CONVERSION = YES;
				CLANG_WARN_OBJC_IMPLICIT_RETAIN_SELF = YES;
				CLANG_WARN_OBJC_LITERAL_CONVERSION = YES;
				CLANG_WARN_OBJC_ROOT_CLASS = YES_ERROR;
				CLANG_WARN_QUOTED_INCLUDE_IN_FRAMEWORK_HEADER = YES;
				CLANG_WARN_RANGE_LOOP_ANALYSIS = YES;
				CLANG_WARN_STRICT_PROTOTYPES = YES;
				CLANG_WARN_SUSPICIOUS_MOVE = YES;
				CLANG_WARN_UNGUARDED_AVAILABILITY = YES_AGGRESSIVE;
				CLANG_WARN_UNREACHABLE_CODE = YES;
				CLANG_WARN__DUPLICATE_METHOD_MATCH = YES;
				COPY_PHASE_STRIP = NO;
				CURRENT_PROJECT_VERSION = 1;
				DEAD_CODE_STRIPPING = YES;
				DEBUG_INFORMATION_FORMAT = "dwarf-with-dsym";
				ENABLE_NS_ASSERTIONS = NO;
				ENABLE_STRICT_OBJC_MSGSEND = YES;
				GCC_C_LANGUAGE_STANDARD = gnu11;
				GCC_NO_COMMON_BLOCKS = YES;
				GCC_WARN_64_TO_32_BIT_CONVERSION = YES;
				GCC_WARN_ABOUT_RETURN_TYPE = YES_ERROR;
				GCC_WARN_UNDECLARED_SELECTOR = YES;
				GCC_WARN_UNINITIALIZED_AUTOS = YES_AGGRESSIVE;
				GCC_WARN_UNUSED_FUNCTION = YES;
				GCC_WARN_UNUSED_VARIABLE = YES;
				MACOSX_DEPLOYMENT_TARGET = 12.0;
				MTL_ENABLE_DEBUG_INFO = NO;
				MTL_FAST_MATH = YES;
				SDKROOT = macosx;
				SWIFT_COMPILATION_MODE = wholemodule;
				SWIFT_OPTIMIZATION_LEVEL = "-O";
				VERSIONING_SYSTEM = "apple-generic";
				VERSION_INFO_PREFIX = "";
			};
			name = Archive;
		};
		99D0C88424C5EE93002EEBFA /* Archive */ = {
			isa = XCBuildConfiguration;
			buildSettings = {
				APPLICATION_EXTENSION_API_ONLY = YES;
				CLANG_ENABLE_MODULES = YES;
				CODE_SIGN_IDENTITY = "";
				CODE_SIGN_STYLE = Automatic;
				COMBINE_HIDPI_IMAGES = YES;
				DEAD_CODE_STRIPPING = YES;
				DEFINES_MODULE = YES;
				DEVELOPMENT_TEAM = K3K39KWKBV;
				DYLIB_COMPATIBILITY_VERSION = 1;
				DYLIB_CURRENT_VERSION = 1;
				DYLIB_INSTALL_NAME_BASE = "@rpath";
				ENABLE_MODULE_VERIFIER = YES;
				INFOPLIST_FILE = CoppiceCore/Info.plist;
				INSTALL_PATH = "$(LOCAL_LIBRARY_DIR)/Frameworks";
				LD_NO_PIE = YES;
				LD_RUNPATH_SEARCH_PATHS = (
					"$(inherited)",
					"@executable_path/../Frameworks",
					"@loader_path/Frameworks",
				);
				MODULE_VERIFIER_SUPPORTED_LANGUAGES = "objective-c objective-c++";
				MODULE_VERIFIER_SUPPORTED_LANGUAGE_STANDARDS = "gnu11 gnu++14";
				PRODUCT_BUNDLE_IDENTIFIER = com.mcubedsw.CoppiceCore;
				PRODUCT_NAME = "$(TARGET_NAME:c99extidentifier)";
				SKIP_INSTALL = YES;
				SWIFT_VERSION = 5.0;
			};
			name = Archive;
		};
		99D0C88524C5EE93002EEBFA /* Archive */ = {
			isa = XCBuildConfiguration;
			buildSettings = {
				ALWAYS_EMBED_SWIFT_STANDARD_LIBRARIES = YES;
				CODE_SIGN_STYLE = Automatic;
				COMBINE_HIDPI_IMAGES = YES;
				DEAD_CODE_STRIPPING = YES;
				DEVELOPMENT_TEAM = K3K39KWKBV;
				INFOPLIST_FILE = CoppiceCoreTests/Info.plist;
				LD_RUNPATH_SEARCH_PATHS = (
					"$(inherited)",
					"@executable_path/../Frameworks",
					"@loader_path/../Frameworks",
				);
				PRODUCT_BUNDLE_IDENTIFIER = com.mcubedsw.CoppiceCoreTests;
				PRODUCT_NAME = "$(TARGET_NAME)";
				SWIFT_VERSION = 5.0;
			};
			name = Archive;
		};
/* End XCBuildConfiguration section */

/* Begin XCConfigurationList section */
		99D0C75024C5DD1E002EEBFA /* Build configuration list for PBXProject "CoppiceCore" */ = {
			isa = XCConfigurationList;
			buildConfigurations = (
				99D0C76824C5DD1E002EEBFA /* Debug */,
				99D0C88024C5EE8E002EEBFA /* Test */,
				99D0C76924C5DD1E002EEBFA /* Release */,
				99D0C88324C5EE93002EEBFA /* Archive */,
			);
			defaultConfigurationIsVisible = 0;
			defaultConfigurationName = Release;
		};
		99D0C76A24C5DD1E002EEBFA /* Build configuration list for PBXNativeTarget "CoppiceCore" */ = {
			isa = XCConfigurationList;
			buildConfigurations = (
				99D0C76B24C5DD1E002EEBFA /* Debug */,
				99D0C88124C5EE8E002EEBFA /* Test */,
				99D0C76C24C5DD1E002EEBFA /* Release */,
				99D0C88424C5EE93002EEBFA /* Archive */,
			);
			defaultConfigurationIsVisible = 0;
			defaultConfigurationName = Release;
		};
		99D0C76D24C5DD1E002EEBFA /* Build configuration list for PBXNativeTarget "CoppiceCoreTests" */ = {
			isa = XCConfigurationList;
			buildConfigurations = (
				99D0C76E24C5DD1E002EEBFA /* Debug */,
				99D0C88224C5EE8E002EEBFA /* Test */,
				99D0C76F24C5DD1E002EEBFA /* Release */,
				99D0C88524C5EE93002EEBFA /* Archive */,
			);
			defaultConfigurationIsVisible = 0;
			defaultConfigurationName = Release;
		};
/* End XCConfigurationList section */

/* Begin XCSwiftPackageProductDependency section */
		99248D202B3497DE0059546E /* M3Data */ = {
			isa = XCSwiftPackageProductDependency;
			productName = M3Data;
		};
/* End XCSwiftPackageProductDependency section */
	};
	rootObject = 99D0C74D24C5DD1E002EEBFA /* Project object */;
}
